
Microsoft Visual Studio Solution File, Format Version 12.00
# Visual Studio Version 16
VisualStudioVersion = 16.0.34114.132
MinimumVisualStudioVersion = 10.0.40219.1
Project("{8BC9CEB8-8B4A-11D0-8D11-00A0C91BC942}") = "01B_problem_D", "01B_problem_D\01B_problem_D.vcxproj", "{C98152B6-9606-4016-864E-77B193A05166}"
EndProject
Project("{8BC9CEB8-8B4A-11D0-8D11-00A0C91BC942}") = "01B_problem_E", "01B_problem_E\01B_problem_E.vcxproj", "{3CAA3F01-9FE6-4769-8C9C-133C682794E3}"
EndProject
Project("{8BC9CEB8-8B4A-11D0-8D11-00A0C91BC942}") = "03B_problem_D", "03B_problem_D\03B_problem_D.vcxproj", "{541084CE-3E3C-4231-B7F1-2AEAA7FB4D73}"
EndProject
Project("{8BC9CEB8-8B4A-11D0-8D11-00A0C91BC942}") = "04B_problem_E", "04B_problem_E\04B_problemE.vcxproj", "{BA3F423E-85A9-4178-99C6-296AD4ED52FF}"
EndProject
Project("{8BC9CEB8-8B4A-11D0-8D11-00A0C91BC942}") = "04B_problem_D", "04B_problem_D\04B_problem_D.vcxproj", "{AB75B9B5-9E75-414C-BCE0-2DB394CCB7E3}"
EndProject
Project("{8BC9CEB8-8B4A-11D0-8D11-00A0C91BC942}") = "05B_problem_A", "05B_problem_A\05B_problem_A.vcxproj", "{88277985-DAB2-4C98-8E4C-2C46E418EEBB}"
EndProject
Project("{8BC9CEB8-8B4A-11D0-8D11-00A0C91BC942}") = "05B_problem_B", "05B_problem_B\05B_problem_B.vcxproj", "{F61BC092-85F8-43B5-9BF6-66C72D6D4FC7}"
EndProject
Project("{8BC9CEB8-8B4A-11D0-8D11-00A0C91BC942}") = "05B_problem_C", "05B_problem_C\05B_problem_C.vcxproj", "{4ECB167E-6A41-4CD9-AA24-8C24BB1F429C}"
EndProject
Project("{8BC9CEB8-8B4A-11D0-8D11-00A0C91BC942}") = "05B_problem_D", "05B_problem_D\05B_problem_D.vcxproj", "{3A87C8A4-4277-456A-9642-E735291CA1BF}"
EndProject
Project("{8BC9CEB8-8B4A-11D0-8D11-00A0C91BC942}") = "05B_problem_E", "05B_problem_E\05B_problem_E.vcxproj", "{7903ADFC-392C-4083-B73B-963EE92CD287}"
EndProject
Global
	GlobalSection(SolutionConfigurationPlatforms) = preSolution
		Debug|x64 = Debug|x64
		Debug|x86 = Debug|x86
		Release|x64 = Release|x64
		Release|x86 = Release|x86
	EndGlobalSection
	GlobalSection(ProjectConfigurationPlatforms) = postSolution
		{C98152B6-9606-4016-864E-77B193A05166}.Debug|x64.ActiveCfg = Debug|x64
		{C98152B6-9606-4016-864E-77B193A05166}.Debug|x64.Build.0 = Debug|x64
		{C98152B6-9606-4016-864E-77B193A05166}.Debug|x86.ActiveCfg = Debug|Win32
		{C98152B6-9606-4016-864E-77B193A05166}.Debug|x86.Build.0 = Debug|Win32
		{C98152B6-9606-4016-864E-77B193A05166}.Release|x64.ActiveCfg = Release|x64
		{C98152B6-9606-4016-864E-77B193A05166}.Release|x64.Build.0 = Release|x64
		{C98152B6-9606-4016-864E-77B193A05166}.Release|x86.ActiveCfg = Release|Win32
		{C98152B6-9606-4016-864E-77B193A05166}.Release|x86.Build.0 = Release|Win32
		{3CAA3F01-9FE6-4769-8C9C-133C682794E3}.Debug|x64.ActiveCfg = Debug|x64
		{3CAA3F01-9FE6-4769-8C9C-133C682794E3}.Debug|x64.Build.0 = Debug|x64
		{3CAA3F01-9FE6-4769-8C9C-133C682794E3}.Debug|x86.ActiveCfg = Debug|Win32
		{3CAA3F01-9FE6-4769-8C9C-133C682794E3}.Debug|x86.Build.0 = Debug|Win32
		{3CAA3F01-9FE6-4769-8C9C-133C682794E3}.Release|x64.ActiveCfg = Release|x64
		{3CAA3F01-9FE6-4769-8C9C-133C682794E3}.Release|x64.Build.0 = Release|x64
		{3CAA3F01-9FE6-4769-8C9C-133C682794E3}.Release|x86.ActiveCfg = Release|Win32
		{3CAA3F01-9FE6-4769-8C9C-133C682794E3}.Release|x86.Build.0 = Release|Win32
		{541084CE-3E3C-4231-B7F1-2AEAA7FB4D73}.Debug|x64.ActiveCfg = Debug|x64
		{541084CE-3E3C-4231-B7F1-2AEAA7FB4D73}.Debug|x64.Build.0 = Debug|x64
		{541084CE-3E3C-4231-B7F1-2AEAA7FB4D73}.Debug|x86.ActiveCfg = Debug|Win32
		{541084CE-3E3C-4231-B7F1-2AEAA7FB4D73}.Debug|x86.Build.0 = Debug|Win32
		{541084CE-3E3C-4231-B7F1-2AEAA7FB4D73}.Release|x64.ActiveCfg = Release|x64
		{541084CE-3E3C-4231-B7F1-2AEAA7FB4D73}.Release|x64.Build.0 = Release|x64
		{541084CE-3E3C-4231-B7F1-2AEAA7FB4D73}.Release|x86.ActiveCfg = Release|Win32
		{541084CE-3E3C-4231-B7F1-2AEAA7FB4D73}.Release|x86.Build.0 = Release|Win32
		{BA3F423E-85A9-4178-99C6-296AD4ED52FF}.Debug|x64.ActiveCfg = Debug|x64
		{BA3F423E-85A9-4178-99C6-296AD4ED52FF}.Debug|x64.Build.0 = Debug|x64
		{BA3F423E-85A9-4178-99C6-296AD4ED52FF}.Debug|x86.ActiveCfg = Debug|Win32
		{BA3F423E-85A9-4178-99C6-296AD4ED52FF}.Debug|x86.Build.0 = Debug|Win32
		{BA3F423E-85A9-4178-99C6-296AD4ED52FF}.Release|x64.ActiveCfg = Release|x64
		{BA3F423E-85A9-4178-99C6-296AD4ED52FF}.Release|x64.Build.0 = Release|x64
		{BA3F423E-85A9-4178-99C6-296AD4ED52FF}.Release|x86.ActiveCfg = Release|Win32
		{BA3F423E-85A9-4178-99C6-296AD4ED52FF}.Release|x86.Build.0 = Release|Win32
		{AB75B9B5-9E75-414C-BCE0-2DB394CCB7E3}.Debug|x64.ActiveCfg = Debug|x64
		{AB75B9B5-9E75-414C-BCE0-2DB394CCB7E3}.Debug|x64.Build.0 = Debug|x64
		{AB75B9B5-9E75-414C-BCE0-2DB394CCB7E3}.Debug|x86.ActiveCfg = Debug|Win32
		{AB75B9B5-9E75-414C-BCE0-2DB394CCB7E3}.Debug|x86.Build.0 = Debug|Win32
		{AB75B9B5-9E75-414C-BCE0-2DB394CCB7E3}.Release|x64.ActiveCfg = Release|x64
		{AB75B9B5-9E75-414C-BCE0-2DB394CCB7E3}.Release|x64.Build.0 = Release|x64
		{AB75B9B5-9E75-414C-BCE0-2DB394CCB7E3}.Release|x86.ActiveCfg = Release|Win32
		{AB75B9B5-9E75-414C-BCE0-2DB394CCB7E3}.Release|x86.Build.0 = Release|Win32
		{88277985-DAB2-4C98-8E4C-2C46E418EEBB}.Debug|x64.ActiveCfg = Debug|x64
		{88277985-DAB2-4C98-8E4C-2C46E418EEBB}.Debug|x64.Build.0 = Debug|x64
		{88277985-DAB2-4C98-8E4C-2C46E418EEBB}.Debug|x86.ActiveCfg = Debug|Win32
		{88277985-DAB2-4C98-8E4C-2C46E418EEBB}.Debug|x86.Build.0 = Debug|Win32
		{88277985-DAB2-4C98-8E4C-2C46E418EEBB}.Release|x64.ActiveCfg = Release|x64
		{88277985-DAB2-4C98-8E4C-2C46E418EEBB}.Release|x64.Build.0 = Release|x64
		{88277985-DAB2-4C98-8E4C-2C46E418EEBB}.Release|x86.ActiveCfg = Release|Win32
		{88277985-DAB2-4C98-8E4C-2C46E418EEBB}.Release|x86.Build.0 = Release|Win32
		{F61BC092-85F8-43B5-9BF6-66C72D6D4FC7}.Debug|x64.ActiveCfg = Debug|x64
		{F61BC092-85F8-43B5-9BF6-66C72D6D4FC7}.Debug|x64.Build.0 = Debug|x64
		{F61BC092-85F8-43B5-9BF6-66C72D6D4FC7}.Debug|x86.ActiveCfg = Debug|Win32
		{F61BC092-85F8-43B5-9BF6-66C72D6D4FC7}.Debug|x86.Build.0 = Debug|Win32
		{F61BC092-85F8-43B5-9BF6-66C72D6D4FC7}.Release|x64.ActiveCfg = Release|x64
		{F61BC092-85F8-43B5-9BF6-66C72D6D4FC7}.Release|x64.Build.0 = Release|x64
		{F61BC092-85F8-43B5-9BF6-66C72D6D4FC7}.Release|x86.ActiveCfg = Release|Win32
		{F61BC092-85F8-43B5-9BF6-66C72D6D4FC7}.Release|x86.Build.0 = Release|Win32
		{4ECB167E-6A41-4CD9-AA24-8C24BB1F429C}.Debug|x64.ActiveCfg = Debug|x64
		{4ECB167E-6A41-4CD9-AA24-8C24BB1F429C}.Debug|x64.Build.0 = Debug|x64
		{4ECB167E-6A41-4CD9-AA24-8C24BB1F429C}.Debug|x86.ActiveCfg = Debug|Win32
		{4ECB167E-6A41-4CD9-AA24-8C24BB1F429C}.Debug|x86.Build.0 = Debug|Win32
		{4ECB167E-6A41-4CD9-AA24-8C24BB1F429C}.Release|x64.ActiveCfg = Release|x64
		{4ECB167E-6A41-4CD9-AA24-8C24BB1F429C}.Release|x64.Build.0 = Release|x64
		{4ECB167E-6A41-4CD9-AA24-8C24BB1F429C}.Release|x86.ActiveCfg = Release|Win32
		{4ECB167E-6A41-4CD9-AA24-8C24BB1F429C}.Release|x86.Build.0 = Release|Win32
		{3A87C8A4-4277-456A-9642-E735291CA1BF}.Debug|x64.ActiveCfg = Debug|x64
		{3A87C8A4-4277-456A-9642-E735291CA1BF}.Debug|x64.Build.0 = Debug|x64
		{3A87C8A4-4277-456A-9642-E735291CA1BF}.Debug|x86.ActiveCfg = Debug|Win32
		{3A87C8A4-4277-456A-9642-E735291CA1BF}.Debug|x86.Build.0 = Debug|Win32
		{3A87C8A4-4277-456A-9642-E735291CA1BF}.Release|x64.ActiveCfg = Release|x64
		{3A87C8A4-4277-456A-9642-E735291CA1BF}.Release|x64.Build.0 = Release|x64
		{3A87C8A4-4277-456A-9642-E735291CA1BF}.Release|x86.ActiveCfg = Release|Win32
		{3A87C8A4-4277-456A-9642-E735291CA1BF}.Release|x86.Build.0 = Release|Win32
		{7903ADFC-392C-4083-B73B-963EE92CD287}.Debug|x64.ActiveCfg = Debug|x64
		{7903ADFC-392C-4083-B73B-963EE92CD287}.Debug|x64.Build.0 = Debug|x64
		{7903ADFC-392C-4083-B73B-963EE92CD287}.Debug|x86.ActiveCfg = Debug|Win32
		{7903ADFC-392C-4083-B73B-963EE92CD287}.Debug|x86.Build.0 = Debug|Win32
		{7903ADFC-392C-4083-B73B-963EE92CD287}.Release|x64.ActiveCfg = Release|x64
		{7903ADFC-392C-4083-B73B-963EE92CD287}.Release|x64.Build.0 = Release|x64
		{7903ADFC-392C-4083-B73B-963EE92CD287}.Release|x86.ActiveCfg = Release|Win32
		{7903ADFC-392C-4083-B73B-963EE92CD287}.Release|x86.Build.0 = Release|Win32
	EndGlobalSection
	GlobalSection(SolutionProperties) = preSolution
		HideSolutionNode = FALSE
	EndGlobalSection
	GlobalSection(ExtensibilityGlobals) = postSolution
		SolutionGuid = {A903C2A9-EF3C-411A-9986-5159D72B4D29}
	EndGlobalSection
EndGlobal
