
Microsoft Visual Studio Solution File, Format Version 12.00
# Visual Studio Version 16
VisualStudioVersion = 16.0.34114.132
MinimumVisualStudioVersion = 10.0.40219.1
Project("{8BC9CEB8-8B4A-11D0-8D11-00A0C91BC942}") = "01B_problem_D", "01B_problem_D\01B_problem_D.vcxproj", "{C98152B6-9606-4016-864E-77B193A05166}"
EndProject
Project("{8BC9CEB8-8B4A-11D0-8D11-00A0C91BC942}") = "01B_problem_E", "01B_problem_E\01B_problem_E.vcxproj", "{3CAA3F01-9FE6-4769-8C9C-133C682794E3}"
EndProject
Project("{8BC9CEB8-8B4A-11D0-8D11-00A0C91BC942}") = "03B_problem_D", "03B_problem_D\03B_problem_D.vcxproj", "{541084CE-3E3C-4231-B7F1-2AEAA7FB4D73}"
EndProject
Project("{8BC9CEB8-8B4A-11D0-8D11-00A0C91BC942}") = "04B_problem_E", "04B_problem_E\04B_problemE.vcxproj", "{BA3F423E-85A9-4178-99C6-296AD4ED52FF}"
EndProject
Project("{8BC9CEB8-8B4A-11D0-8D11-00A0C91BC942}") = "04B_problem_D", "04B_problem_D\04B_problem_D.vcxproj", "{AB75B9B5-9E75-414C-BCE0-2DB394CCB7E3}"
EndProject
Project("{8BC9CEB8-8B4A-11D0-8D11-00A0C91BC942}") = "05B_problem_A", "05B_problem_A\05B_problem_A.vcxproj", "{88277985-DAB2-4C98-8E4C-2C46E418EEBB}"
EndProject
Project("{8BC9CEB8-8B4A-11D0-8D11-00A0C91BC942}") = "05B_problem_B", "05B_problem_B\05B_problem_B.vcxproj", "{F61BC092-85F8-43B5-9BF6-66C72D6D4FC7}"
EndProject
Project("{8BC9CEB8-8B4A-11D0-8D11-00A0C91BC942}") = "05B_problem_C", "05B_problem_C\05B_problem_C.vcxproj", "{4ECB167E-6A41-4CD9-AA24-8C24BB1F429C}"
EndProject
Project("{8BC9CEB8-8B4A-11D0-8D11-00A0C91BC942}") = "05B_problem_D", "05B_problem_D\05B_problem_D.vcxproj", "{3A87C8A4-4277-456A-9642-E735291CA1BF}"
EndProject
Project("{8BC9CEB8-8B4A-11D0-8D11-00A0C91BC942}") = "05B_problem_E", "05B_problem_E\05B_problem_E.vcxproj", "{7903ADFC-392C-4083-B73B-963EE92CD287}"
EndProject
Project("{8BC9CEB8-8B4A-11D0-8D11-00A0C91BC942}") = "06B_problem_A", "06B_problem_A\06B_problem_A.vcxproj", "{4CC2FA16-BAFC-4F31-BFD7-11A3C0EA81D2}"
EndProject
Project("{8BC9CEB8-8B4A-11D0-8D11-00A0C91BC942}") = "06B_problem_B", "06B_problem_B\06B_problem_B.vcxproj", "{D55715DA-AA67-4916-BDAA-256B7FACED87}"
EndProject
Project("{8BC9CEB8-8B4A-11D0-8D11-00A0C91BC942}") = "06B_problem_D", "06B_problem_D\06B_problem_D.vcxproj", "{5FA22570-6A3B-4375-9F86-CEC0D3B89589}"
EndProject
Project("{8BC9CEB8-8B4A-11D0-8D11-00A0C91BC942}") = "06B_problem_E", "06B_problem_E\06B_problem_E.vcxproj", "{B406CBE3-20E2-4737-99D1-2EBE2ACDBFD4}"
EndProject
Project("{8BC9CEB8-8B4A-11D0-8D11-00A0C91BC942}") = "07B_problem_D", "07B_problem_D\07B_problem_D.vcxproj", "{57AD72E0-A442-46E3-85DF-3602C2D84C78}"
EndProject
Project("{8BC9CEB8-8B4A-11D0-8D11-00A0C91BC942}") = "07B_problem_E", "07B_problem_E\07B_problem_E.vcxproj", "{99A2D2C5-2FB6-432A-AA6B-D555E5625DF7}"
EndProject
Project("{8BC9CEB8-8B4A-11D0-8D11-00A0C91BC942}") = "08B_problem_A", "08B_problem_A\08B_problem_A.vcxproj", "{F0EDCA62-9398-43CC-B4B1-30492051B873}"
EndProject
Project("{8BC9CEB8-8B4A-11D0-8D11-00A0C91BC942}") = "08B_problem_B", "08B_problem_B\08B_problem_B.vcxproj", "{EF9060CB-4FDF-4887-A78C-21BE5FFD6C83}"
EndProject
Project("{8BC9CEB8-8B4A-11D0-8D11-00A0C91BC942}") = "08B_problem_C", "08B_problem_C\08B_problem_C.vcxproj", "{1312C155-A91E-44FD-BFF9-68BAA5CCDFA0}"
EndProject
Project("{8BC9CEB8-8B4A-11D0-8D11-00A0C91BC942}") = "08B_problem_D", "08B_problem_D\08B_problem_D.vcxproj", "{0F099543-87FF-4220-A773-619C8A5935FC}"
EndProject
Project("{8BC9CEB8-8B4A-11D0-8D11-00A0C91BC942}") = "08B_problem_E", "08B_problem_E\08B_problem_E.vcxproj", "{40251210-845F-4D42-B602-68064407FDDD}"
EndProject
Global
	GlobalSection(SolutionConfigurationPlatforms) = preSolution
		Debug|x64 = Debug|x64
		Debug|x86 = Debug|x86
		Release|x64 = Release|x64
		Release|x86 = Release|x86
	EndGlobalSection
	GlobalSection(ProjectConfigurationPlatforms) = postSolution
		{C98152B6-9606-4016-864E-77B193A05166}.Debug|x64.ActiveCfg = Debug|x64
		{C98152B6-9606-4016-864E-77B193A05166}.Debug|x64.Build.0 = Debug|x64
		{C98152B6-9606-4016-864E-77B193A05166}.Debug|x86.ActiveCfg = Debug|Win32
		{C98152B6-9606-4016-864E-77B193A05166}.Debug|x86.Build.0 = Debug|Win32
		{C98152B6-9606-4016-864E-77B193A05166}.Release|x64.ActiveCfg = Release|x64
		{C98152B6-9606-4016-864E-77B193A05166}.Release|x64.Build.0 = Release|x64
		{C98152B6-9606-4016-864E-77B193A05166}.Release|x86.ActiveCfg = Release|Win32
		{C98152B6-9606-4016-864E-77B193A05166}.Release|x86.Build.0 = Release|Win32
		{3CAA3F01-9FE6-4769-8C9C-133C682794E3}.Debug|x64.ActiveCfg = Debug|x64
		{3CAA3F01-9FE6-4769-8C9C-133C682794E3}.Debug|x64.Build.0 = Debug|x64
		{3CAA3F01-9FE6-4769-8C9C-133C682794E3}.Debug|x86.ActiveCfg = Debug|Win32
		{3CAA3F01-9FE6-4769-8C9C-133C682794E3}.Debug|x86.Build.0 = Debug|Win32
		{3CAA3F01-9FE6-4769-8C9C-133C682794E3}.Release|x64.ActiveCfg = Release|x64
		{3CAA3F01-9FE6-4769-8C9C-133C682794E3}.Release|x64.Build.0 = Release|x64
		{3CAA3F01-9FE6-4769-8C9C-133C682794E3}.Release|x86.ActiveCfg = Release|Win32
		{3CAA3F01-9FE6-4769-8C9C-133C682794E3}.Release|x86.Build.0 = Release|Win32
		{541084CE-3E3C-4231-B7F1-2AEAA7FB4D73}.Debug|x64.ActiveCfg = Debug|x64
		{541084CE-3E3C-4231-B7F1-2AEAA7FB4D73}.Debug|x64.Build.0 = Debug|x64
		{541084CE-3E3C-4231-B7F1-2AEAA7FB4D73}.Debug|x86.ActiveCfg = Debug|Win32
		{541084CE-3E3C-4231-B7F1-2AEAA7FB4D73}.Debug|x86.Build.0 = Debug|Win32
		{541084CE-3E3C-4231-B7F1-2AEAA7FB4D73}.Release|x64.ActiveCfg = Release|x64
		{541084CE-3E3C-4231-B7F1-2AEAA7FB4D73}.Release|x64.Build.0 = Release|x64
		{541084CE-3E3C-4231-B7F1-2AEAA7FB4D73}.Release|x86.ActiveCfg = Release|Win32
		{541084CE-3E3C-4231-B7F1-2AEAA7FB4D73}.Release|x86.Build.0 = Release|Win32
		{BA3F423E-85A9-4178-99C6-296AD4ED52FF}.Debug|x64.ActiveCfg = Debug|x64
		{BA3F423E-85A9-4178-99C6-296AD4ED52FF}.Debug|x64.Build.0 = Debug|x64
		{BA3F423E-85A9-4178-99C6-296AD4ED52FF}.Debug|x86.ActiveCfg = Debug|Win32
		{BA3F423E-85A9-4178-99C6-296AD4ED52FF}.Debug|x86.Build.0 = Debug|Win32
		{BA3F423E-85A9-4178-99C6-296AD4ED52FF}.Release|x64.ActiveCfg = Release|x64
		{BA3F423E-85A9-4178-99C6-296AD4ED52FF}.Release|x64.Build.0 = Release|x64
		{BA3F423E-85A9-4178-99C6-296AD4ED52FF}.Release|x86.ActiveCfg = Release|Win32
		{BA3F423E-85A9-4178-99C6-296AD4ED52FF}.Release|x86.Build.0 = Release|Win32
		{AB75B9B5-9E75-414C-BCE0-2DB394CCB7E3}.Debug|x64.ActiveCfg = Debug|x64
		{AB75B9B5-9E75-414C-BCE0-2DB394CCB7E3}.Debug|x64.Build.0 = Debug|x64
		{AB75B9B5-9E75-414C-BCE0-2DB394CCB7E3}.Debug|x86.ActiveCfg = Debug|Win32
		{AB75B9B5-9E75-414C-BCE0-2DB394CCB7E3}.Debug|x86.Build.0 = Debug|Win32
		{AB75B9B5-9E75-414C-BCE0-2DB394CCB7E3}.Release|x64.ActiveCfg = Release|x64
		{AB75B9B5-9E75-414C-BCE0-2DB394CCB7E3}.Release|x64.Build.0 = Release|x64
		{AB75B9B5-9E75-414C-BCE0-2DB394CCB7E3}.Release|x86.ActiveCfg = Release|Win32
		{AB75B9B5-9E75-414C-BCE0-2DB394CCB7E3}.Release|x86.Build.0 = Release|Win32
		{88277985-DAB2-4C98-8E4C-2C46E418EEBB}.Debug|x64.ActiveCfg = Debug|x64
		{88277985-DAB2-4C98-8E4C-2C46E418EEBB}.Debug|x64.Build.0 = Debug|x64
		{88277985-DAB2-4C98-8E4C-2C46E418EEBB}.Debug|x86.ActiveCfg = Debug|Win32
		{88277985-DAB2-4C98-8E4C-2C46E418EEBB}.Debug|x86.Build.0 = Debug|Win32
		{88277985-DAB2-4C98-8E4C-2C46E418EEBB}.Release|x64.ActiveCfg = Release|x64
		{88277985-DAB2-4C98-8E4C-2C46E418EEBB}.Release|x64.Build.0 = Release|x64
		{88277985-DAB2-4C98-8E4C-2C46E418EEBB}.Release|x86.ActiveCfg = Release|Win32
		{88277985-DAB2-4C98-8E4C-2C46E418EEBB}.Release|x86.Build.0 = Release|Win32
		{F61BC092-85F8-43B5-9BF6-66C72D6D4FC7}.Debug|x64.ActiveCfg = Debug|x64
		{F61BC092-85F8-43B5-9BF6-66C72D6D4FC7}.Debug|x64.Build.0 = Debug|x64
		{F61BC092-85F8-43B5-9BF6-66C72D6D4FC7}.Debug|x86.ActiveCfg = Debug|Win32
		{F61BC092-85F8-43B5-9BF6-66C72D6D4FC7}.Debug|x86.Build.0 = Debug|Win32
		{F61BC092-85F8-43B5-9BF6-66C72D6D4FC7}.Release|x64.ActiveCfg = Release|x64
		{F61BC092-85F8-43B5-9BF6-66C72D6D4FC7}.Release|x64.Build.0 = Release|x64
		{F61BC092-85F8-43B5-9BF6-66C72D6D4FC7}.Release|x86.ActiveCfg = Release|Win32
		{F61BC092-85F8-43B5-9BF6-66C72D6D4FC7}.Release|x86.Build.0 = Release|Win32
		{4ECB167E-6A41-4CD9-AA24-8C24BB1F429C}.Debug|x64.ActiveCfg = Debug|x64
		{4ECB167E-6A41-4CD9-AA24-8C24BB1F429C}.Debug|x64.Build.0 = Debug|x64
		{4ECB167E-6A41-4CD9-AA24-8C24BB1F429C}.Debug|x86.ActiveCfg = Debug|Win32
		{4ECB167E-6A41-4CD9-AA24-8C24BB1F429C}.Debug|x86.Build.0 = Debug|Win32
		{4ECB167E-6A41-4CD9-AA24-8C24BB1F429C}.Release|x64.ActiveCfg = Release|x64
		{4ECB167E-6A41-4CD9-AA24-8C24BB1F429C}.Release|x64.Build.0 = Release|x64
		{4ECB167E-6A41-4CD9-AA24-8C24BB1F429C}.Release|x86.ActiveCfg = Release|Win32
		{4ECB167E-6A41-4CD9-AA24-8C24BB1F429C}.Release|x86.Build.0 = Release|Win32
		{3A87C8A4-4277-456A-9642-E735291CA1BF}.Debug|x64.ActiveCfg = Debug|x64
		{3A87C8A4-4277-456A-9642-E735291CA1BF}.Debug|x64.Build.0 = Debug|x64
		{3A87C8A4-4277-456A-9642-E735291CA1BF}.Debug|x86.ActiveCfg = Debug|Win32
		{3A87C8A4-4277-456A-9642-E735291CA1BF}.Debug|x86.Build.0 = Debug|Win32
		{3A87C8A4-4277-456A-9642-E735291CA1BF}.Release|x64.ActiveCfg = Release|x64
		{3A87C8A4-4277-456A-9642-E735291CA1BF}.Release|x64.Build.0 = Release|x64
		{3A87C8A4-4277-456A-9642-E735291CA1BF}.Release|x86.ActiveCfg = Release|Win32
		{3A87C8A4-4277-456A-9642-E735291CA1BF}.Release|x86.Build.0 = Release|Win32
		{7903ADFC-392C-4083-B73B-963EE92CD287}.Debug|x64.ActiveCfg = Debug|x64
		{7903ADFC-392C-4083-B73B-963EE92CD287}.Debug|x64.Build.0 = Debug|x64
		{7903ADFC-392C-4083-B73B-963EE92CD287}.Debug|x86.ActiveCfg = Debug|Win32
		{7903ADFC-392C-4083-B73B-963EE92CD287}.Debug|x86.Build.0 = Debug|Win32
		{7903ADFC-392C-4083-B73B-963EE92CD287}.Release|x64.ActiveCfg = Release|x64
		{7903ADFC-392C-4083-B73B-963EE92CD287}.Release|x64.Build.0 = Release|x64
		{7903ADFC-392C-4083-B73B-963EE92CD287}.Release|x86.ActiveCfg = Release|Win32
		{7903ADFC-392C-4083-B73B-963EE92CD287}.Release|x86.Build.0 = Release|Win32
		{4CC2FA16-BAFC-4F31-BFD7-11A3C0EA81D2}.Debug|x64.ActiveCfg = Debug|x64
		{4CC2FA16-BAFC-4F31-BFD7-11A3C0EA81D2}.Debug|x64.Build.0 = Debug|x64
		{4CC2FA16-BAFC-4F31-BFD7-11A3C0EA81D2}.Debug|x86.ActiveCfg = Debug|Win32
		{4CC2FA16-BAFC-4F31-BFD7-11A3C0EA81D2}.Debug|x86.Build.0 = Debug|Win32
		{4CC2FA16-BAFC-4F31-BFD7-11A3C0EA81D2}.Release|x64.ActiveCfg = Release|x64
		{4CC2FA16-BAFC-4F31-BFD7-11A3C0EA81D2}.Release|x64.Build.0 = Release|x64
		{4CC2FA16-BAFC-4F31-BFD7-11A3C0EA81D2}.Release|x86.ActiveCfg = Release|Win32
		{4CC2FA16-BAFC-4F31-BFD7-11A3C0EA81D2}.Release|x86.Build.0 = Release|Win32
		{D55715DA-AA67-4916-BDAA-256B7FACED87}.Debug|x64.ActiveCfg = Debug|x64
		{D55715DA-AA67-4916-BDAA-256B7FACED87}.Debug|x64.Build.0 = Debug|x64
		{D55715DA-AA67-4916-BDAA-256B7FACED87}.Debug|x86.ActiveCfg = Debug|Win32
		{D55715DA-AA67-4916-BDAA-256B7FACED87}.Debug|x86.Build.0 = Debug|Win32
		{D55715DA-AA67-4916-BDAA-256B7FACED87}.Release|x64.ActiveCfg = Release|x64
		{D55715DA-AA67-4916-BDAA-256B7FACED87}.Release|x64.Build.0 = Release|x64
		{D55715DA-AA67-4916-BDAA-256B7FACED87}.Release|x86.ActiveCfg = Release|Win32
		{D55715DA-AA67-4916-BDAA-256B7FACED87}.Release|x86.Build.0 = Release|Win32
		{5FA22570-6A3B-4375-9F86-CEC0D3B89589}.Debug|x64.ActiveCfg = Debug|x64
		{5FA22570-6A3B-4375-9F86-CEC0D3B89589}.Debug|x64.Build.0 = Debug|x64
		{5FA22570-6A3B-4375-9F86-CEC0D3B89589}.Debug|x86.ActiveCfg = Debug|Win32
		{5FA22570-6A3B-4375-9F86-CEC0D3B89589}.Debug|x86.Build.0 = Debug|Win32
		{5FA22570-6A3B-4375-9F86-CEC0D3B89589}.Release|x64.ActiveCfg = Release|x64
		{5FA22570-6A3B-4375-9F86-CEC0D3B89589}.Release|x64.Build.0 = Release|x64
		{5FA22570-6A3B-4375-9F86-CEC0D3B89589}.Release|x86.ActiveCfg = Release|Win32
		{5FA22570-6A3B-4375-9F86-CEC0D3B89589}.Release|x86.Build.0 = Release|Win32
		{B406CBE3-20E2-4737-99D1-2EBE2ACDBFD4}.Debug|x64.ActiveCfg = Debug|x64
		{B406CBE3-20E2-4737-99D1-2EBE2ACDBFD4}.Debug|x64.Build.0 = Debug|x64
		{B406CBE3-20E2-4737-99D1-2EBE2ACDBFD4}.Debug|x86.ActiveCfg = Debug|Win32
		{B406CBE3-20E2-4737-99D1-2EBE2ACDBFD4}.Debug|x86.Build.0 = Debug|Win32
		{B406CBE3-20E2-4737-99D1-2EBE2ACDBFD4}.Release|x64.ActiveCfg = Release|x64
		{B406CBE3-20E2-4737-99D1-2EBE2ACDBFD4}.Release|x64.Build.0 = Release|x64
		{B406CBE3-20E2-4737-99D1-2EBE2ACDBFD4}.Release|x86.ActiveCfg = Release|Win32
		{B406CBE3-20E2-4737-99D1-2EBE2ACDBFD4}.Release|x86.Build.0 = Release|Win32
		{57AD72E0-A442-46E3-85DF-3602C2D84C78}.Debug|x64.ActiveCfg = Debug|x64
		{57AD72E0-A442-46E3-85DF-3602C2D84C78}.Debug|x64.Build.0 = Debug|x64
		{57AD72E0-A442-46E3-85DF-3602C2D84C78}.Debug|x86.ActiveCfg = Debug|Win32
		{57AD72E0-A442-46E3-85DF-3602C2D84C78}.Debug|x86.Build.0 = Debug|Win32
		{57AD72E0-A442-46E3-85DF-3602C2D84C78}.Release|x64.ActiveCfg = Release|x64
		{57AD72E0-A442-46E3-85DF-3602C2D84C78}.Release|x64.Build.0 = Release|x64
		{57AD72E0-A442-46E3-85DF-3602C2D84C78}.Release|x86.ActiveCfg = Release|Win32
		{57AD72E0-A442-46E3-85DF-3602C2D84C78}.Release|x86.Build.0 = Release|Win32
		{99A2D2C5-2FB6-432A-AA6B-D555E5625DF7}.Debug|x64.ActiveCfg = Debug|x64
		{99A2D2C5-2FB6-432A-AA6B-D555E5625DF7}.Debug|x64.Build.0 = Debug|x64
		{99A2D2C5-2FB6-432A-AA6B-D555E5625DF7}.Debug|x86.ActiveCfg = Debug|Win32
		{99A2D2C5-2FB6-432A-AA6B-D555E5625DF7}.Debug|x86.Build.0 = Debug|Win32
		{99A2D2C5-2FB6-432A-AA6B-D555E5625DF7}.Release|x64.ActiveCfg = Release|x64
		{99A2D2C5-2FB6-432A-AA6B-D555E5625DF7}.Release|x64.Build.0 = Release|x64
		{99A2D2C5-2FB6-432A-AA6B-D555E5625DF7}.Release|x86.ActiveCfg = Release|Win32
		{99A2D2C5-2FB6-432A-AA6B-D555E5625DF7}.Release|x86.Build.0 = Release|Win32
		{F0EDCA62-9398-43CC-B4B1-30492051B873}.Debug|x64.ActiveCfg = Debug|x64
		{F0EDCA62-9398-43CC-B4B1-30492051B873}.Debug|x64.Build.0 = Debug|x64
		{F0EDCA62-9398-43CC-B4B1-30492051B873}.Debug|x86.ActiveCfg = Debug|Win32
		{F0EDCA62-9398-43CC-B4B1-30492051B873}.Debug|x86.Build.0 = Debug|Win32
		{F0EDCA62-9398-43CC-B4B1-30492051B873}.Release|x64.ActiveCfg = Release|x64
		{F0EDCA62-9398-43CC-B4B1-30492051B873}.Release|x64.Build.0 = Release|x64
		{F0EDCA62-9398-43CC-B4B1-30492051B873}.Release|x86.ActiveCfg = Release|Win32
		{F0EDCA62-9398-43CC-B4B1-30492051B873}.Release|x86.Build.0 = Release|Win32
		{EF9060CB-4FDF-4887-A78C-21BE5FFD6C83}.Debug|x64.ActiveCfg = Debug|x64
		{EF9060CB-4FDF-4887-A78C-21BE5FFD6C83}.Debug|x64.Build.0 = Debug|x64
		{EF9060CB-4FDF-4887-A78C-21BE5FFD6C83}.Debug|x86.ActiveCfg = Debug|Win32
		{EF9060CB-4FDF-4887-A78C-21BE5FFD6C83}.Debug|x86.Build.0 = Debug|Win32
		{EF9060CB-4FDF-4887-A78C-21BE5FFD6C83}.Release|x64.ActiveCfg = Release|x64
		{EF9060CB-4FDF-4887-A78C-21BE5FFD6C83}.Release|x64.Build.0 = Release|x64
		{EF9060CB-4FDF-4887-A78C-21BE5FFD6C83}.Release|x86.ActiveCfg = Release|Win32
		{EF9060CB-4FDF-4887-A78C-21BE5FFD6C83}.Release|x86.Build.0 = Release|Win32
		{1312C155-A91E-44FD-BFF9-68BAA5CCDFA0}.Debug|x64.ActiveCfg = Debug|x64
		{1312C155-A91E-44FD-BFF9-68BAA5CCDFA0}.Debug|x64.Build.0 = Debug|x64
		{1312C155-A91E-44FD-BFF9-68BAA5CCDFA0}.Debug|x86.ActiveCfg = Debug|Win32
		{1312C155-A91E-44FD-BFF9-68BAA5CCDFA0}.Debug|x86.Build.0 = Debug|Win32
		{1312C155-A91E-44FD-BFF9-68BAA5CCDFA0}.Release|x64.ActiveCfg = Release|x64
		{1312C155-A91E-44FD-BFF9-68BAA5CCDFA0}.Release|x64.Build.0 = Release|x64
		{1312C155-A91E-44FD-BFF9-68BAA5CCDFA0}.Release|x86.ActiveCfg = Release|Win32
		{1312C155-A91E-44FD-BFF9-68BAA5CCDFA0}.Release|x86.Build.0 = Release|Win32
		{0F099543-87FF-4220-A773-619C8A5935FC}.Debug|x64.ActiveCfg = Debug|x64
		{0F099543-87FF-4220-A773-619C8A5935FC}.Debug|x64.Build.0 = Debug|x64
		{0F099543-87FF-4220-A773-619C8A5935FC}.Debug|x86.ActiveCfg = Debug|Win32
		{0F099543-87FF-4220-A773-619C8A5935FC}.Debug|x86.Build.0 = Debug|Win32
		{0F099543-87FF-4220-A773-619C8A5935FC}.Release|x64.ActiveCfg = Release|x64
		{0F099543-87FF-4220-A773-619C8A5935FC}.Release|x64.Build.0 = Release|x64
		{0F099543-87FF-4220-A773-619C8A5935FC}.Release|x86.ActiveCfg = Release|Win32
		{0F099543-87FF-4220-A773-619C8A5935FC}.Release|x86.Build.0 = Release|Win32
		{40251210-845F-4D42-B602-68064407FDDD}.Debug|x64.ActiveCfg = Debug|x64
		{40251210-845F-4D42-B602-68064407FDDD}.Debug|x64.Build.0 = Debug|x64
		{40251210-845F-4D42-B602-68064407FDDD}.Debug|x86.ActiveCfg = Debug|Win32
		{40251210-845F-4D42-B602-68064407FDDD}.Debug|x86.Build.0 = Debug|Win32
		{40251210-845F-4D42-B602-68064407FDDD}.Release|x64.ActiveCfg = Release|x64
		{40251210-845F-4D42-B602-68064407FDDD}.Release|x64.Build.0 = Release|x64
		{40251210-845F-4D42-B602-68064407FDDD}.Release|x86.ActiveCfg = Release|Win32
		{40251210-845F-4D42-B602-68064407FDDD}.Release|x86.Build.0 = Release|Win32
	EndGlobalSection
	GlobalSection(SolutionProperties) = preSolution
		HideSolutionNode = FALSE
	EndGlobalSection
	GlobalSection(ExtensibilityGlobals) = postSolution
		SolutionGuid = {A903C2A9-EF3C-411A-9986-5159D72B4D29}
	EndGlobalSection
EndGlobal
