
Microsoft Visual Studio Solution File, Format Version 12.00
# Visual Studio Version 16
VisualStudioVersion = 16.0.34114.132
MinimumVisualStudioVersion = 10.0.40219.1
Project("{8BC9CEB8-8B4A-11D0-8D11-00A0C91BC942}") = "01_problem_A", "01_problem_A\01_problem_A.vcxproj", "{B3B4C645-6160-4856-9F61-EF852E8541C4}"
EndProject
Project("{8BC9CEB8-8B4A-11D0-8D11-00A0C91BC942}") = "01_problem_B", "01_problem_B\01_problem_B.vcxproj", "{2EF58598-4FC4-47B8-852B-A6BDEA80CA16}"
EndProject
Project("{8BC9CEB8-8B4A-11D0-8D11-00A0C91BC942}") = "01_problem_C", "01_problem_C\01_problem_C.vcxproj", "{4D17AAB3-0D5E-43A7-85F4-C9810F6AC89A}"
EndProject
Project("{8BC9CEB8-8B4A-11D0-8D11-00A0C91BC942}") = "01_problem_D", "01_problem_D\01_problem_D.vcxproj", "{F868A271-57A7-4483-8366-4F204187FE2F}"
EndProject
Project("{8BC9CEB8-8B4A-11D0-8D11-00A0C91BC942}") = "01_problem_E", "01_problem_E\01_problem_E.vcxproj", "{F05ED790-820F-476F-9DB4-BEAF1C201F3E}"
EndProject
Project("{8BC9CEB8-8B4A-11D0-8D11-00A0C91BC942}") = "01_problem_F", "01_problem_F\01_problem_F\01_problem_F.vcxproj", "{523972A9-126E-446D-B9B4-AE8B30926151}"
EndProject
Project("{8BC9CEB8-8B4A-11D0-8D11-00A0C91BC942}") = "01_problem_I", "01_problem_I\01_problem_I.vcxproj", "{C26B061F-C0FE-4635-BAE9-9819EFCAC328}"
EndProject
Project("{8BC9CEB8-8B4A-11D0-8D11-00A0C91BC942}") = "01_problem_G", "01_training_G\01_training_G.vcxproj", "{55D75C4A-6B63-456C-B547-472ED984F2F6}"
EndProject
Project("{8BC9CEB8-8B4A-11D0-8D11-00A0C91BC942}") = "01_problem_H", "01_problem_H\01_problem_H.vcxproj", "{8D5E7AD0-52ED-4E61-AD97-CE6FCE3F4A6C}"
EndProject
Project("{8BC9CEB8-8B4A-11D0-8D11-00A0C91BC942}") = "01_problem_J", "01_problem_J\01_problem_J.vcxproj", "{06AD40EF-7122-442D-8EE5-BE690CB7DFDF}"
EndProject
Project("{8BC9CEB8-8B4A-11D0-8D11-00A0C91BC942}") = "02_problem_A", "02_training_A\02_training_A.vcxproj", "{FA6C51A7-D62C-4EF5-9977-B14103C2BF51}"
EndProject
Project("{8BC9CEB8-8B4A-11D0-8D11-00A0C91BC942}") = "02_problem_C", "02_problem_C\02_problem_C.vcxproj", "{A5B57D99-E616-4DEF-8C21-CEBD6A32DB57}"
EndProject
Project("{8BC9CEB8-8B4A-11D0-8D11-00A0C91BC942}") = "02_problem_B", "02_problem_B\02_problem_B.vcxproj", "{A6BF4D4A-2C01-4618-8C97-9CBC581635DF}"
EndProject
Project("{8BC9CEB8-8B4A-11D0-8D11-00A0C91BC942}") = "02_problem_D", "02_problem_D\02_problem_D.vcxproj", "{13DEAEA2-07CD-4EAB-90CE-5872F0DA7791}"
EndProject
Project("{8BC9CEB8-8B4A-11D0-8D11-00A0C91BC942}") = "02_problem_E", "02_problem_E\02_problem_E.vcxproj", "{B724E999-3542-473B-A73D-FFC077E171E9}"
EndProject
Project("{8BC9CEB8-8B4A-11D0-8D11-00A0C91BC942}") = "02_problem_I", "02_problem_I\02_problem_I.vcxproj", "{C58BAA91-3DEF-4DD9-9FF3-10AD64167CAC}"
EndProject
Project("{8BC9CEB8-8B4A-11D0-8D11-00A0C91BC942}") = "02_problem_G", "02_problem_G\02_problem_G.vcxproj", "{11181B27-BEEC-49B1-9EB1-B7CF8864F7B9}"
EndProject
Project("{8BC9CEB8-8B4A-11D0-8D11-00A0C91BC942}") = "02_problem_H", "02_problem_H\02_problem_H.vcxproj", "{561DFC10-440C-4104-AA09-21B08AE10E09}"
EndProject
Project("{8BC9CEB8-8B4A-11D0-8D11-00A0C91BC942}") = "02_problem_F", "02_problem_F\02_problem_F.vcxproj", "{9362B95E-4838-413E-BB27-527EC66B1881}"
EndProject
Project("{8BC9CEB8-8B4A-11D0-8D11-00A0C91BC942}") = "02_problem_J", "02_problem_J\02_problem_J.vcxproj", "{67BB1FE5-D3D4-47A6-9B04-CFEB00D770D4}"
EndProject
Project("{8BC9CEB8-8B4A-11D0-8D11-00A0C91BC942}") = "03_problem_A", "03_problem_A\03_problem_A.vcxproj", "{6CA66FF6-B5E9-44BA-BA5C-08A1C8CA2B4E}"
EndProject
Project("{8BC9CEB8-8B4A-11D0-8D11-00A0C91BC942}") = "03_problem_B", "03_problem_B\03_problem_B.vcxproj", "{26CC6FBE-74A1-4E10-B301-8D9D362C8677}"
EndProject
Project("{8BC9CEB8-8B4A-11D0-8D11-00A0C91BC942}") = "03_problem_D", "03_problem_D\03_problem_D.vcxproj", "{5017970A-BF4D-4463-A74F-DD9BE6D9B884}"
EndProject
Project("{8BC9CEB8-8B4A-11D0-8D11-00A0C91BC942}") = "03_problem_C", "03_problem_C\03_problem_C.vcxproj", "{65B21BE2-ADB6-4833-90DC-8BBF2B21D234}"
EndProject
Project("{8BC9CEB8-8B4A-11D0-8D11-00A0C91BC942}") = "03_problem_E", "03_problem_E\03_problem_E.vcxproj", "{75ECD9E8-2E79-4ED7-8212-DAD77349F06D}"
EndProject
Project("{8BC9CEB8-8B4A-11D0-8D11-00A0C91BC942}") = "03_problem_F", "03_problem_F\03_problem_F.vcxproj", "{DF13C4DB-5F50-4814-8479-5C0BD51DB038}"
EndProject
Project("{8BC9CEB8-8B4A-11D0-8D11-00A0C91BC942}") = "03_problem_H", "03_problem_H\03_problem_H.vcxproj", "{9AD6882B-BAFD-423E-BB6F-60E43C24ED02}"
EndProject
Project("{8BC9CEB8-8B4A-11D0-8D11-00A0C91BC942}") = "03_problem_G", "03_problem_G\03_problem_G.vcxproj", "{91071220-62F3-4D68-8122-A06355DAEEF3}"
EndProject
Project("{8BC9CEB8-8B4A-11D0-8D11-00A0C91BC942}") = "03_problem_I", "03_problem_I\03_problem_I.vcxproj", "{5E6A4BB1-D671-4C9E-A7A2-05F93C1A6EA6}"
EndProject
Project("{8BC9CEB8-8B4A-11D0-8D11-00A0C91BC942}") = "03_problem_J", "03_problem_J\03_problem_J.vcxproj", "{F685FC0B-4F5F-4CF0-9546-2A4469E80538}"
EndProject
Project("{8BC9CEB8-8B4A-11D0-8D11-00A0C91BC942}") = "03_problem_Ja", "03_problem_Ja\03_problem_Ja.vcxproj", "{B0024AA6-5193-4E8F-9061-A55667781306}"
EndProject
Project("{8BC9CEB8-8B4A-11D0-8D11-00A0C91BC942}") = "04_problem_A", "04_problem_A\04_problem_A.vcxproj", "{FC29FD6C-50FF-4947-B13D-87DC400E1AFA}"
EndProject
Project("{8BC9CEB8-8B4A-11D0-8D11-00A0C91BC942}") = "04_problem_B", "04_problem_B\04_problem_B.vcxproj", "{ED34151A-8F88-45CC-8695-66082F343408}"
EndProject
Project("{8BC9CEB8-8B4A-11D0-8D11-00A0C91BC942}") = "04_problem_C", "04_problem_C\04_problem_C.vcxproj", "{6F7C6BAE-8EF5-479F-9A50-0B0AB4953B04}"
EndProject
Project("{8BC9CEB8-8B4A-11D0-8D11-00A0C91BC942}") = "04_problem_D", "04_problem_E\04_problem_E.vcxproj", "{9176FA32-0217-445C-B0E9-7D1301B5727F}"
EndProject
Project("{8BC9CEB8-8B4A-11D0-8D11-00A0C91BC942}") = "04_problem_Ea", "04_problem_Ea\04_problem_Ea.vcxproj", "{2F26CE7F-8291-4F99-B8C2-3C0C6119FBC3}"
EndProject
Project("{8BC9CEB8-8B4A-11D0-8D11-00A0C91BC942}") = "04_problem_F", "04_problem_F\04_problem_F.vcxproj", "{957C847A-77F2-4816-9C1F-57861CCDD5BA}"
EndProject
Project("{8BC9CEB8-8B4A-11D0-8D11-00A0C91BC942}") = "04_problem_G", "04_problem_G\04_problem_G.vcxproj", "{AB09405A-D40E-477F-84DE-3CFDE43301C1}"
EndProject
Project("{8BC9CEB8-8B4A-11D0-8D11-00A0C91BC942}") = "04_problem_H", "04_problem_H\04_problem_H.vcxproj", "{9D95CB34-EC07-446A-ACD9-2D6E129F90C0}"
EndProject
Project("{8BC9CEB8-8B4A-11D0-8D11-00A0C91BC942}") = "04_problem_I", "04_problem_I\04_problem_I.vcxproj", "{EDAD7154-55F0-4A84-A525-6689DFA4A6F3}"
EndProject
Project("{8BC9CEB8-8B4A-11D0-8D11-00A0C91BC942}") = "04_problem_J", "04_problem_J\04_problem_J.vcxproj", "{4371024D-16E6-479D-B9B7-77153A681A07}"
EndProject
Project("{2150E333-8FDC-42A3-9474-1A3956D46DE8}") = "01", "01", "{26A96147-8022-49B9-98D2-484AF795A290}"
EndProject
Project("{2150E333-8FDC-42A3-9474-1A3956D46DE8}") = "02", "02", "{649299D2-AFD3-4F9E-97BB-E27B3BCC1E00}"
EndProject
Project("{2150E333-8FDC-42A3-9474-1A3956D46DE8}") = "03", "03", "{AF975D90-4C5F-4C49-81CD-C0E3304A92A4}"
EndProject
Project("{2150E333-8FDC-42A3-9474-1A3956D46DE8}") = "04", "04", "{97DB9116-D3A6-4D89-BA85-A5E27F148B98}"
EndProject
Project("{8BC9CEB8-8B4A-11D0-8D11-00A0C91BC942}") = "05_problem_A", "05_problem_A\05_problem_A.vcxproj", "{4F00FB18-6C7D-49ED-8461-FEC617A9A73A}"
EndProject
Project("{8BC9CEB8-8B4A-11D0-8D11-00A0C91BC942}") = "05_problem_B", "05_problem_B\05_problem_B.vcxproj", "{3173FCAD-E94C-43C0-BE71-4CEDA26D90F7}"
EndProject
Project("{8BC9CEB8-8B4A-11D0-8D11-00A0C91BC942}") = "05_problem_C", "05_problem_C\05_problem_C.vcxproj", "{2B153255-E978-45F1-AEB3-698AE58AF4AD}"
EndProject
Project("{8BC9CEB8-8B4A-11D0-8D11-00A0C91BC942}") = "05_problem_D", "05_problem_D\05_problem_D.vcxproj", "{4B2B1488-57B5-4986-AA30-530FCD920908}"
EndProject
Project("{8BC9CEB8-8B4A-11D0-8D11-00A0C91BC942}") = "05_problem_E", "05_problem_E\05_problem_E.vcxproj", "{9AAE4845-F6DF-41E9-8A2D-1AB1C19BD1F5}"
EndProject
Project("{8BC9CEB8-8B4A-11D0-8D11-00A0C91BC942}") = "05_problem_F", "05_problem_F\05_problem_F.vcxproj", "{E1C8E51F-24CF-450D-8BD2-B52521276904}"
EndProject
Project("{8BC9CEB8-8B4A-11D0-8D11-00A0C91BC942}") = "05_problem_H", "05_problem_H\05_problem_H.vcxproj", "{C9592C95-9FA5-4374-8523-82366D023232}"
EndProject
Project("{8BC9CEB8-8B4A-11D0-8D11-00A0C91BC942}") = "05_problem_J", "05_problem_J\05_problem_J.vcxproj", "{3A4AC038-F90B-4B3F-B400-509813BBCF9D}"
EndProject
Project("{8BC9CEB8-8B4A-11D0-8D11-00A0C91BC942}") = "05_problem_G", "05_problem_G\05_problem_G.vcxproj", "{9A110F6B-8D16-47D1-AD65-5CD908AE7175}"
EndProject
Project("{8BC9CEB8-8B4A-11D0-8D11-00A0C91BC942}") = "05_problem_J_a", "05_problem_J_a\05_problem_J_a.vcxproj", "{E33BCA1A-A2D6-48F1-927A-D7CF4A259B55}"
EndProject
Project("{8BC9CEB8-8B4A-11D0-8D11-00A0C91BC942}") = "05_problem_I", "05_problem_I\05_problem_I.vcxproj", "{79343D1A-A6B3-4286-8A16-AC165CF2AB45}"
EndProject
Project("{2150E333-8FDC-42A3-9474-1A3956D46DE8}") = "05", "05", "{A940662A-B356-4D09-B4A9-EFAA7DE4D762}"
EndProject
Project("{2150E333-8FDC-42A3-9474-1A3956D46DE8}") = "06", "06", "{3CC51D5C-14F0-4EB4-B192-2A67B43A5F9F}"
EndProject
Project("{8BC9CEB8-8B4A-11D0-8D11-00A0C91BC942}") = "06_problem_A", "06_problem_A\06_problem_A.vcxproj", "{9F49DCF8-C3CC-42B0-932D-8DF268A6F398}"
EndProject
Project("{8BC9CEB8-8B4A-11D0-8D11-00A0C91BC942}") = "06_problem_B", "06_problem_B\06_problem_B.vcxproj", "{ED5E81C5-5A80-4B86-ABD4-B69032AE3DAD}"
EndProject
Project("{8BC9CEB8-8B4A-11D0-8D11-00A0C91BC942}") = "06_problem_F", "06_problem_F\06_problem_F.vcxproj", "{EAE37BAE-41B8-464A-845F-E802313B223A}"
EndProject
Project("{8BC9CEB8-8B4A-11D0-8D11-00A0C91BC942}") = "06_problem_C", "06_problem_C\06_problem_C.vcxproj", "{ED344073-D4A2-4ED3-BBAD-7F500CB5334C}"
EndProject
Project("{8BC9CEB8-8B4A-11D0-8D11-00A0C91BC942}") = "06_problem_D", "06_problem_D\06_problem_D.vcxproj", "{1E1DAACC-F46F-4A8B-BDF4-AF7A8281D625}"
EndProject
Project("{8BC9CEB8-8B4A-11D0-8D11-00A0C91BC942}") = "06_problem_E", "06_problem_E\06_problem_E.vcxproj", "{852B59FC-48AD-4B50-BB47-E53E8E699127}"
EndProject
Project("{8BC9CEB8-8B4A-11D0-8D11-00A0C91BC942}") = "06_problem_G", "06_problem_G\06_problem_G.vcxproj", "{616E1C6E-F2AB-4FC9-84FE-AFE41F7A8656}"
EndProject
Project("{8BC9CEB8-8B4A-11D0-8D11-00A0C91BC942}") = "06_problem_H", "06_problem_H\06_problem_H.vcxproj", "{C218208A-37A3-4305-82FC-8DC19891E43E}"
EndProject
Project("{8BC9CEB8-8B4A-11D0-8D11-00A0C91BC942}") = "06_problem_I", "06_problem_I\06_problem_I.vcxproj", "{668E3152-1853-44B5-A460-B989E30D9C7A}"
EndProject
Project("{8BC9CEB8-8B4A-11D0-8D11-00A0C91BC942}") = "06_problem_J", "06_problem_J\06_problem_J.vcxproj", "{71109B1F-1124-41D7-93F5-E13791C20400}"
EndProject
Project("{8BC9CEB8-8B4A-11D0-8D11-00A0C91BC942}") = "06_problem_K", "06_problem_K\06_problem_K.vcxproj", "{C2C77C07-9F54-40D9-BA93-98B42834CB3D}"
EndProject
Project("{2150E333-8FDC-42A3-9474-1A3956D46DE8}") = "07", "07", "{B54BA4E9-C43C-40D1-A606-37EDA45595DE}"
EndProject
Project("{8BC9CEB8-8B4A-11D0-8D11-00A0C91BC942}") = "07_problem_A", "07_problem_A\07_problem_A.vcxproj", "{C0B98FF9-A096-4034-8C19-59F9749D6A3B}"
EndProject
Project("{8BC9CEB8-8B4A-11D0-8D11-00A0C91BC942}") = "07_problem_B", "07_problem_B\07_problem_B.vcxproj", "{8629ED22-0654-4898-BB83-2D611C3B6082}"
EndProject
Project("{8BC9CEB8-8B4A-11D0-8D11-00A0C91BC942}") = "07_problem_C", "07_problem_C\07_problem_C.vcxproj", "{ED3E5F9D-C608-438F-97B6-0648335A7298}"
EndProject
Project("{8BC9CEB8-8B4A-11D0-8D11-00A0C91BC942}") = "07_problem_E", "07_problem_E\07_problem_E.vcxproj", "{3847F487-F6D0-4D6E-B653-AE4AFD6D773E}"
EndProject
Project("{8BC9CEB8-8B4A-11D0-8D11-00A0C91BC942}") = "07_problem_G", "07_problem_G\07_problem_G.vcxproj", "{550997F5-7499-4B35-BB81-6FFD048AD3F3}"
EndProject
Project("{8BC9CEB8-8B4A-11D0-8D11-00A0C91BC942}") = "07_problem_H", "07_problem_H\07_problem_H.vcxproj", "{2F6F6570-828A-4AFA-8307-8A74B99E6B67}"
EndProject
Project("{8BC9CEB8-8B4A-11D0-8D11-00A0C91BC942}") = "07_problem_F", "07_problem_F\07_problem_F.vcxproj", "{A9B09215-3AC6-4FDD-9E7B-8D5BDECEA894}"
EndProject
Project("{8BC9CEB8-8B4A-11D0-8D11-00A0C91BC942}") = "07_problem_D", "07_problem_D\07_problem_D.vcxproj", "{D51A94CE-2323-4F18-954E-4EA23D4A70B0}"
EndProject
Project("{2150E333-8FDC-42A3-9474-1A3956D46DE8}") = "08", "08", "{1DEE11E3-DB26-4B70-9F41-FF89E89BBF02}"
EndProject
Project("{8BC9CEB8-8B4A-11D0-8D11-00A0C91BC942}") = "08_problem_A", "08_problem_A\08_problem_A.vcxproj", "{4F3472D1-0014-475F-B713-9C2D515B8FC7}"
EndProject
Project("{8BC9CEB8-8B4A-11D0-8D11-00A0C91BC942}") = "08_problem_B", "08_problem_B\08_problem_B.vcxproj", "{4A202776-1EF5-4C85-8CD2-F7AF9889548F}"
EndProject
Project("{8BC9CEB8-8B4A-11D0-8D11-00A0C91BC942}") = "08_problem_C", "08_problem_C\08_problem_C.vcxproj", "{04B1B5A3-16DB-4277-8D74-D43994ECB6E0}"
EndProject
Project("{8BC9CEB8-8B4A-11D0-8D11-00A0C91BC942}") = "08_problem_D", "08_problem_D\08_problem_D.vcxproj", "{CD6C8A92-F0DE-414B-8EEE-922F74FAADFF}"
EndProject
Project("{8BC9CEB8-8B4A-11D0-8D11-00A0C91BC942}") = "08_problem_E", "08_problem_E\08_problem_E.vcxproj", "{8CE5C69E-ED7E-4178-A813-6C763B7B11FE}"
EndProject
Project("{8BC9CEB8-8B4A-11D0-8D11-00A0C91BC942}") = "08_problem_F", "08_problem_F\08_problem_F.vcxproj", "{708FAD62-CA04-4D7F-A04B-593755D1A74C}"
EndProject
Project("{8BC9CEB8-8B4A-11D0-8D11-00A0C91BC942}") = "08_problem_G", "08_problem_G\08_problem_G.vcxproj", "{C0856509-8C95-4525-809E-093ABB7B103C}"
EndProject
Project("{8BC9CEB8-8B4A-11D0-8D11-00A0C91BC942}") = "08_problem_H", "08_problem_H\08_problem_H.vcxproj", "{946B4430-C59A-4070-B8E3-5617B4679835}"
EndProject
Project("{8BC9CEB8-8B4A-11D0-8D11-00A0C91BC942}") = "08_problem_I", "08_problem_I\08_problem_I.vcxproj", "{8B4E5F37-5BD8-472A-8468-E18A087232EE}"
EndProject
Project("{8BC9CEB8-8B4A-11D0-8D11-00A0C91BC942}") = "08_problem_J", "08_problem_J\08_problem_J.vcxproj", "{470C6CFC-6D95-4B27-825B-77043C140AEC}"
EndProject
Project("{8BC9CEB8-8B4A-11D0-8D11-00A0C91BC942}") = "07_problem_I", "07_problem_I\07_problem_I.vcxproj", "{D26B9512-238D-48EC-821F-D0FB45A158B6}"
EndProject
Project("{8BC9CEB8-8B4A-11D0-8D11-00A0C91BC942}") = "07_problem_J", "07_problem_J\07_problem_J.vcxproj", "{316B5E65-8FDF-48DB-89F0-69C5DBF13592}"
EndProject
Global
	GlobalSection(SolutionConfigurationPlatforms) = preSolution
		Debug|x64 = Debug|x64
		Debug|x86 = Debug|x86
		Release|x64 = Release|x64
		Release|x86 = Release|x86
	EndGlobalSection
	GlobalSection(ProjectConfigurationPlatforms) = postSolution
		{B3B4C645-6160-4856-9F61-EF852E8541C4}.Debug|x64.ActiveCfg = Debug|x64
		{B3B4C645-6160-4856-9F61-EF852E8541C4}.Debug|x64.Build.0 = Debug|x64
		{B3B4C645-6160-4856-9F61-EF852E8541C4}.Debug|x86.ActiveCfg = Debug|Win32
		{B3B4C645-6160-4856-9F61-EF852E8541C4}.Debug|x86.Build.0 = Debug|Win32
		{B3B4C645-6160-4856-9F61-EF852E8541C4}.Release|x64.ActiveCfg = Release|x64
		{B3B4C645-6160-4856-9F61-EF852E8541C4}.Release|x64.Build.0 = Release|x64
		{B3B4C645-6160-4856-9F61-EF852E8541C4}.Release|x86.ActiveCfg = Release|Win32
		{B3B4C645-6160-4856-9F61-EF852E8541C4}.Release|x86.Build.0 = Release|Win32
		{2EF58598-4FC4-47B8-852B-A6BDEA80CA16}.Debug|x64.ActiveCfg = Debug|x64
		{2EF58598-4FC4-47B8-852B-A6BDEA80CA16}.Debug|x64.Build.0 = Debug|x64
		{2EF58598-4FC4-47B8-852B-A6BDEA80CA16}.Debug|x86.ActiveCfg = Debug|Win32
		{2EF58598-4FC4-47B8-852B-A6BDEA80CA16}.Debug|x86.Build.0 = Debug|Win32
		{2EF58598-4FC4-47B8-852B-A6BDEA80CA16}.Release|x64.ActiveCfg = Release|x64
		{2EF58598-4FC4-47B8-852B-A6BDEA80CA16}.Release|x64.Build.0 = Release|x64
		{2EF58598-4FC4-47B8-852B-A6BDEA80CA16}.Release|x86.ActiveCfg = Release|Win32
		{2EF58598-4FC4-47B8-852B-A6BDEA80CA16}.Release|x86.Build.0 = Release|Win32
		{4D17AAB3-0D5E-43A7-85F4-C9810F6AC89A}.Debug|x64.ActiveCfg = Debug|x64
		{4D17AAB3-0D5E-43A7-85F4-C9810F6AC89A}.Debug|x64.Build.0 = Debug|x64
		{4D17AAB3-0D5E-43A7-85F4-C9810F6AC89A}.Debug|x86.ActiveCfg = Debug|Win32
		{4D17AAB3-0D5E-43A7-85F4-C9810F6AC89A}.Debug|x86.Build.0 = Debug|Win32
		{4D17AAB3-0D5E-43A7-85F4-C9810F6AC89A}.Release|x64.ActiveCfg = Release|x64
		{4D17AAB3-0D5E-43A7-85F4-C9810F6AC89A}.Release|x64.Build.0 = Release|x64
		{4D17AAB3-0D5E-43A7-85F4-C9810F6AC89A}.Release|x86.ActiveCfg = Release|Win32
		{4D17AAB3-0D5E-43A7-85F4-C9810F6AC89A}.Release|x86.Build.0 = Release|Win32
		{F868A271-57A7-4483-8366-4F204187FE2F}.Debug|x64.ActiveCfg = Debug|x64
		{F868A271-57A7-4483-8366-4F204187FE2F}.Debug|x64.Build.0 = Debug|x64
		{F868A271-57A7-4483-8366-4F204187FE2F}.Debug|x86.ActiveCfg = Debug|Win32
		{F868A271-57A7-4483-8366-4F204187FE2F}.Debug|x86.Build.0 = Debug|Win32
		{F868A271-57A7-4483-8366-4F204187FE2F}.Release|x64.ActiveCfg = Release|x64
		{F868A271-57A7-4483-8366-4F204187FE2F}.Release|x64.Build.0 = Release|x64
		{F868A271-57A7-4483-8366-4F204187FE2F}.Release|x86.ActiveCfg = Release|Win32
		{F868A271-57A7-4483-8366-4F204187FE2F}.Release|x86.Build.0 = Release|Win32
		{F05ED790-820F-476F-9DB4-BEAF1C201F3E}.Debug|x64.ActiveCfg = Debug|x64
		{F05ED790-820F-476F-9DB4-BEAF1C201F3E}.Debug|x64.Build.0 = Debug|x64
		{F05ED790-820F-476F-9DB4-BEAF1C201F3E}.Debug|x86.ActiveCfg = Debug|Win32
		{F05ED790-820F-476F-9DB4-BEAF1C201F3E}.Debug|x86.Build.0 = Debug|Win32
		{F05ED790-820F-476F-9DB4-BEAF1C201F3E}.Release|x64.ActiveCfg = Release|x64
		{F05ED790-820F-476F-9DB4-BEAF1C201F3E}.Release|x64.Build.0 = Release|x64
		{F05ED790-820F-476F-9DB4-BEAF1C201F3E}.Release|x86.ActiveCfg = Release|Win32
		{F05ED790-820F-476F-9DB4-BEAF1C201F3E}.Release|x86.Build.0 = Release|Win32
		{523972A9-126E-446D-B9B4-AE8B30926151}.Debug|x64.ActiveCfg = Debug|x64
		{523972A9-126E-446D-B9B4-AE8B30926151}.Debug|x64.Build.0 = Debug|x64
		{523972A9-126E-446D-B9B4-AE8B30926151}.Debug|x86.ActiveCfg = Debug|Win32
		{523972A9-126E-446D-B9B4-AE8B30926151}.Debug|x86.Build.0 = Debug|Win32
		{523972A9-126E-446D-B9B4-AE8B30926151}.Release|x64.ActiveCfg = Release|x64
		{523972A9-126E-446D-B9B4-AE8B30926151}.Release|x64.Build.0 = Release|x64
		{523972A9-126E-446D-B9B4-AE8B30926151}.Release|x86.ActiveCfg = Release|Win32
		{523972A9-126E-446D-B9B4-AE8B30926151}.Release|x86.Build.0 = Release|Win32
		{C26B061F-C0FE-4635-BAE9-9819EFCAC328}.Debug|x64.ActiveCfg = Debug|x64
		{C26B061F-C0FE-4635-BAE9-9819EFCAC328}.Debug|x64.Build.0 = Debug|x64
		{C26B061F-C0FE-4635-BAE9-9819EFCAC328}.Debug|x86.ActiveCfg = Debug|Win32
		{C26B061F-C0FE-4635-BAE9-9819EFCAC328}.Debug|x86.Build.0 = Debug|Win32
		{C26B061F-C0FE-4635-BAE9-9819EFCAC328}.Release|x64.ActiveCfg = Release|x64
		{C26B061F-C0FE-4635-BAE9-9819EFCAC328}.Release|x64.Build.0 = Release|x64
		{C26B061F-C0FE-4635-BAE9-9819EFCAC328}.Release|x86.ActiveCfg = Release|Win32
		{C26B061F-C0FE-4635-BAE9-9819EFCAC328}.Release|x86.Build.0 = Release|Win32
		{55D75C4A-6B63-456C-B547-472ED984F2F6}.Debug|x64.ActiveCfg = Debug|x64
		{55D75C4A-6B63-456C-B547-472ED984F2F6}.Debug|x64.Build.0 = Debug|x64
		{55D75C4A-6B63-456C-B547-472ED984F2F6}.Debug|x86.ActiveCfg = Debug|Win32
		{55D75C4A-6B63-456C-B547-472ED984F2F6}.Debug|x86.Build.0 = Debug|Win32
		{55D75C4A-6B63-456C-B547-472ED984F2F6}.Release|x64.ActiveCfg = Release|x64
		{55D75C4A-6B63-456C-B547-472ED984F2F6}.Release|x64.Build.0 = Release|x64
		{55D75C4A-6B63-456C-B547-472ED984F2F6}.Release|x86.ActiveCfg = Release|Win32
		{55D75C4A-6B63-456C-B547-472ED984F2F6}.Release|x86.Build.0 = Release|Win32
		{8D5E7AD0-52ED-4E61-AD97-CE6FCE3F4A6C}.Debug|x64.ActiveCfg = Debug|x64
		{8D5E7AD0-52ED-4E61-AD97-CE6FCE3F4A6C}.Debug|x64.Build.0 = Debug|x64
		{8D5E7AD0-52ED-4E61-AD97-CE6FCE3F4A6C}.Debug|x86.ActiveCfg = Debug|Win32
		{8D5E7AD0-52ED-4E61-AD97-CE6FCE3F4A6C}.Debug|x86.Build.0 = Debug|Win32
		{8D5E7AD0-52ED-4E61-AD97-CE6FCE3F4A6C}.Release|x64.ActiveCfg = Release|x64
		{8D5E7AD0-52ED-4E61-AD97-CE6FCE3F4A6C}.Release|x64.Build.0 = Release|x64
		{8D5E7AD0-52ED-4E61-AD97-CE6FCE3F4A6C}.Release|x86.ActiveCfg = Release|Win32
		{8D5E7AD0-52ED-4E61-AD97-CE6FCE3F4A6C}.Release|x86.Build.0 = Release|Win32
		{06AD40EF-7122-442D-8EE5-BE690CB7DFDF}.Debug|x64.ActiveCfg = Debug|x64
		{06AD40EF-7122-442D-8EE5-BE690CB7DFDF}.Debug|x64.Build.0 = Debug|x64
		{06AD40EF-7122-442D-8EE5-BE690CB7DFDF}.Debug|x86.ActiveCfg = Debug|Win32
		{06AD40EF-7122-442D-8EE5-BE690CB7DFDF}.Debug|x86.Build.0 = Debug|Win32
		{06AD40EF-7122-442D-8EE5-BE690CB7DFDF}.Release|x64.ActiveCfg = Release|x64
		{06AD40EF-7122-442D-8EE5-BE690CB7DFDF}.Release|x64.Build.0 = Release|x64
		{06AD40EF-7122-442D-8EE5-BE690CB7DFDF}.Release|x86.ActiveCfg = Release|Win32
		{06AD40EF-7122-442D-8EE5-BE690CB7DFDF}.Release|x86.Build.0 = Release|Win32
		{FA6C51A7-D62C-4EF5-9977-B14103C2BF51}.Debug|x64.ActiveCfg = Debug|x64
		{FA6C51A7-D62C-4EF5-9977-B14103C2BF51}.Debug|x64.Build.0 = Debug|x64
		{FA6C51A7-D62C-4EF5-9977-B14103C2BF51}.Debug|x86.ActiveCfg = Debug|Win32
		{FA6C51A7-D62C-4EF5-9977-B14103C2BF51}.Debug|x86.Build.0 = Debug|Win32
		{FA6C51A7-D62C-4EF5-9977-B14103C2BF51}.Release|x64.ActiveCfg = Release|x64
		{FA6C51A7-D62C-4EF5-9977-B14103C2BF51}.Release|x64.Build.0 = Release|x64
		{FA6C51A7-D62C-4EF5-9977-B14103C2BF51}.Release|x86.ActiveCfg = Release|Win32
		{FA6C51A7-D62C-4EF5-9977-B14103C2BF51}.Release|x86.Build.0 = Release|Win32
		{A5B57D99-E616-4DEF-8C21-CEBD6A32DB57}.Debug|x64.ActiveCfg = Debug|x64
		{A5B57D99-E616-4DEF-8C21-CEBD6A32DB57}.Debug|x64.Build.0 = Debug|x64
		{A5B57D99-E616-4DEF-8C21-CEBD6A32DB57}.Debug|x86.ActiveCfg = Debug|Win32
		{A5B57D99-E616-4DEF-8C21-CEBD6A32DB57}.Debug|x86.Build.0 = Debug|Win32
		{A5B57D99-E616-4DEF-8C21-CEBD6A32DB57}.Release|x64.ActiveCfg = Release|x64
		{A5B57D99-E616-4DEF-8C21-CEBD6A32DB57}.Release|x64.Build.0 = Release|x64
		{A5B57D99-E616-4DEF-8C21-CEBD6A32DB57}.Release|x86.ActiveCfg = Release|Win32
		{A5B57D99-E616-4DEF-8C21-CEBD6A32DB57}.Release|x86.Build.0 = Release|Win32
		{A6BF4D4A-2C01-4618-8C97-9CBC581635DF}.Debug|x64.ActiveCfg = Debug|x64
		{A6BF4D4A-2C01-4618-8C97-9CBC581635DF}.Debug|x64.Build.0 = Debug|x64
		{A6BF4D4A-2C01-4618-8C97-9CBC581635DF}.Debug|x86.ActiveCfg = Debug|Win32
		{A6BF4D4A-2C01-4618-8C97-9CBC581635DF}.Debug|x86.Build.0 = Debug|Win32
		{A6BF4D4A-2C01-4618-8C97-9CBC581635DF}.Release|x64.ActiveCfg = Release|x64
		{A6BF4D4A-2C01-4618-8C97-9CBC581635DF}.Release|x64.Build.0 = Release|x64
		{A6BF4D4A-2C01-4618-8C97-9CBC581635DF}.Release|x86.ActiveCfg = Release|Win32
		{A6BF4D4A-2C01-4618-8C97-9CBC581635DF}.Release|x86.Build.0 = Release|Win32
		{13DEAEA2-07CD-4EAB-90CE-5872F0DA7791}.Debug|x64.ActiveCfg = Debug|x64
		{13DEAEA2-07CD-4EAB-90CE-5872F0DA7791}.Debug|x64.Build.0 = Debug|x64
		{13DEAEA2-07CD-4EAB-90CE-5872F0DA7791}.Debug|x86.ActiveCfg = Debug|Win32
		{13DEAEA2-07CD-4EAB-90CE-5872F0DA7791}.Debug|x86.Build.0 = Debug|Win32
		{13DEAEA2-07CD-4EAB-90CE-5872F0DA7791}.Release|x64.ActiveCfg = Release|x64
		{13DEAEA2-07CD-4EAB-90CE-5872F0DA7791}.Release|x64.Build.0 = Release|x64
		{13DEAEA2-07CD-4EAB-90CE-5872F0DA7791}.Release|x86.ActiveCfg = Release|Win32
		{13DEAEA2-07CD-4EAB-90CE-5872F0DA7791}.Release|x86.Build.0 = Release|Win32
		{B724E999-3542-473B-A73D-FFC077E171E9}.Debug|x64.ActiveCfg = Debug|x64
		{B724E999-3542-473B-A73D-FFC077E171E9}.Debug|x64.Build.0 = Debug|x64
		{B724E999-3542-473B-A73D-FFC077E171E9}.Debug|x86.ActiveCfg = Debug|Win32
		{B724E999-3542-473B-A73D-FFC077E171E9}.Debug|x86.Build.0 = Debug|Win32
		{B724E999-3542-473B-A73D-FFC077E171E9}.Release|x64.ActiveCfg = Release|x64
		{B724E999-3542-473B-A73D-FFC077E171E9}.Release|x64.Build.0 = Release|x64
		{B724E999-3542-473B-A73D-FFC077E171E9}.Release|x86.ActiveCfg = Release|Win32
		{B724E999-3542-473B-A73D-FFC077E171E9}.Release|x86.Build.0 = Release|Win32
		{C58BAA91-3DEF-4DD9-9FF3-10AD64167CAC}.Debug|x64.ActiveCfg = Debug|x64
		{C58BAA91-3DEF-4DD9-9FF3-10AD64167CAC}.Debug|x64.Build.0 = Debug|x64
		{C58BAA91-3DEF-4DD9-9FF3-10AD64167CAC}.Debug|x86.ActiveCfg = Debug|Win32
		{C58BAA91-3DEF-4DD9-9FF3-10AD64167CAC}.Debug|x86.Build.0 = Debug|Win32
		{C58BAA91-3DEF-4DD9-9FF3-10AD64167CAC}.Release|x64.ActiveCfg = Release|x64
		{C58BAA91-3DEF-4DD9-9FF3-10AD64167CAC}.Release|x64.Build.0 = Release|x64
		{C58BAA91-3DEF-4DD9-9FF3-10AD64167CAC}.Release|x86.ActiveCfg = Release|Win32
		{C58BAA91-3DEF-4DD9-9FF3-10AD64167CAC}.Release|x86.Build.0 = Release|Win32
		{11181B27-BEEC-49B1-9EB1-B7CF8864F7B9}.Debug|x64.ActiveCfg = Debug|x64
		{11181B27-BEEC-49B1-9EB1-B7CF8864F7B9}.Debug|x64.Build.0 = Debug|x64
		{11181B27-BEEC-49B1-9EB1-B7CF8864F7B9}.Debug|x86.ActiveCfg = Debug|Win32
		{11181B27-BEEC-49B1-9EB1-B7CF8864F7B9}.Debug|x86.Build.0 = Debug|Win32
		{11181B27-BEEC-49B1-9EB1-B7CF8864F7B9}.Release|x64.ActiveCfg = Release|x64
		{11181B27-BEEC-49B1-9EB1-B7CF8864F7B9}.Release|x64.Build.0 = Release|x64
		{11181B27-BEEC-49B1-9EB1-B7CF8864F7B9}.Release|x86.ActiveCfg = Release|Win32
		{11181B27-BEEC-49B1-9EB1-B7CF8864F7B9}.Release|x86.Build.0 = Release|Win32
		{561DFC10-440C-4104-AA09-21B08AE10E09}.Debug|x64.ActiveCfg = Debug|x64
		{561DFC10-440C-4104-AA09-21B08AE10E09}.Debug|x64.Build.0 = Debug|x64
		{561DFC10-440C-4104-AA09-21B08AE10E09}.Debug|x86.ActiveCfg = Debug|Win32
		{561DFC10-440C-4104-AA09-21B08AE10E09}.Debug|x86.Build.0 = Debug|Win32
		{561DFC10-440C-4104-AA09-21B08AE10E09}.Release|x64.ActiveCfg = Release|x64
		{561DFC10-440C-4104-AA09-21B08AE10E09}.Release|x64.Build.0 = Release|x64
		{561DFC10-440C-4104-AA09-21B08AE10E09}.Release|x86.ActiveCfg = Release|Win32
		{561DFC10-440C-4104-AA09-21B08AE10E09}.Release|x86.Build.0 = Release|Win32
		{9362B95E-4838-413E-BB27-527EC66B1881}.Debug|x64.ActiveCfg = Debug|x64
		{9362B95E-4838-413E-BB27-527EC66B1881}.Debug|x64.Build.0 = Debug|x64
		{9362B95E-4838-413E-BB27-527EC66B1881}.Debug|x86.ActiveCfg = Debug|Win32
		{9362B95E-4838-413E-BB27-527EC66B1881}.Debug|x86.Build.0 = Debug|Win32
		{9362B95E-4838-413E-BB27-527EC66B1881}.Release|x64.ActiveCfg = Release|x64
		{9362B95E-4838-413E-BB27-527EC66B1881}.Release|x64.Build.0 = Release|x64
		{9362B95E-4838-413E-BB27-527EC66B1881}.Release|x86.ActiveCfg = Release|Win32
		{9362B95E-4838-413E-BB27-527EC66B1881}.Release|x86.Build.0 = Release|Win32
		{67BB1FE5-D3D4-47A6-9B04-CFEB00D770D4}.Debug|x64.ActiveCfg = Debug|x64
		{67BB1FE5-D3D4-47A6-9B04-CFEB00D770D4}.Debug|x64.Build.0 = Debug|x64
		{67BB1FE5-D3D4-47A6-9B04-CFEB00D770D4}.Debug|x86.ActiveCfg = Debug|Win32
		{67BB1FE5-D3D4-47A6-9B04-CFEB00D770D4}.Debug|x86.Build.0 = Debug|Win32
		{67BB1FE5-D3D4-47A6-9B04-CFEB00D770D4}.Release|x64.ActiveCfg = Release|x64
		{67BB1FE5-D3D4-47A6-9B04-CFEB00D770D4}.Release|x64.Build.0 = Release|x64
		{67BB1FE5-D3D4-47A6-9B04-CFEB00D770D4}.Release|x86.ActiveCfg = Release|Win32
		{67BB1FE5-D3D4-47A6-9B04-CFEB00D770D4}.Release|x86.Build.0 = Release|Win32
		{6CA66FF6-B5E9-44BA-BA5C-08A1C8CA2B4E}.Debug|x64.ActiveCfg = Debug|x64
		{6CA66FF6-B5E9-44BA-BA5C-08A1C8CA2B4E}.Debug|x64.Build.0 = Debug|x64
		{6CA66FF6-B5E9-44BA-BA5C-08A1C8CA2B4E}.Debug|x86.ActiveCfg = Debug|Win32
		{6CA66FF6-B5E9-44BA-BA5C-08A1C8CA2B4E}.Debug|x86.Build.0 = Debug|Win32
		{6CA66FF6-B5E9-44BA-BA5C-08A1C8CA2B4E}.Release|x64.ActiveCfg = Release|x64
		{6CA66FF6-B5E9-44BA-BA5C-08A1C8CA2B4E}.Release|x64.Build.0 = Release|x64
		{6CA66FF6-B5E9-44BA-BA5C-08A1C8CA2B4E}.Release|x86.ActiveCfg = Release|Win32
		{6CA66FF6-B5E9-44BA-BA5C-08A1C8CA2B4E}.Release|x86.Build.0 = Release|Win32
		{26CC6FBE-74A1-4E10-B301-8D9D362C8677}.Debug|x64.ActiveCfg = Debug|x64
		{26CC6FBE-74A1-4E10-B301-8D9D362C8677}.Debug|x64.Build.0 = Debug|x64
		{26CC6FBE-74A1-4E10-B301-8D9D362C8677}.Debug|x86.ActiveCfg = Debug|Win32
		{26CC6FBE-74A1-4E10-B301-8D9D362C8677}.Debug|x86.Build.0 = Debug|Win32
		{26CC6FBE-74A1-4E10-B301-8D9D362C8677}.Release|x64.ActiveCfg = Release|x64
		{26CC6FBE-74A1-4E10-B301-8D9D362C8677}.Release|x64.Build.0 = Release|x64
		{26CC6FBE-74A1-4E10-B301-8D9D362C8677}.Release|x86.ActiveCfg = Release|Win32
		{26CC6FBE-74A1-4E10-B301-8D9D362C8677}.Release|x86.Build.0 = Release|Win32
		{5017970A-BF4D-4463-A74F-DD9BE6D9B884}.Debug|x64.ActiveCfg = Debug|x64
		{5017970A-BF4D-4463-A74F-DD9BE6D9B884}.Debug|x64.Build.0 = Debug|x64
		{5017970A-BF4D-4463-A74F-DD9BE6D9B884}.Debug|x86.ActiveCfg = Debug|Win32
		{5017970A-BF4D-4463-A74F-DD9BE6D9B884}.Debug|x86.Build.0 = Debug|Win32
		{5017970A-BF4D-4463-A74F-DD9BE6D9B884}.Release|x64.ActiveCfg = Release|x64
		{5017970A-BF4D-4463-A74F-DD9BE6D9B884}.Release|x64.Build.0 = Release|x64
		{5017970A-BF4D-4463-A74F-DD9BE6D9B884}.Release|x86.ActiveCfg = Release|Win32
		{5017970A-BF4D-4463-A74F-DD9BE6D9B884}.Release|x86.Build.0 = Release|Win32
		{65B21BE2-ADB6-4833-90DC-8BBF2B21D234}.Debug|x64.ActiveCfg = Debug|x64
		{65B21BE2-ADB6-4833-90DC-8BBF2B21D234}.Debug|x64.Build.0 = Debug|x64
		{65B21BE2-ADB6-4833-90DC-8BBF2B21D234}.Debug|x86.ActiveCfg = Debug|Win32
		{65B21BE2-ADB6-4833-90DC-8BBF2B21D234}.Debug|x86.Build.0 = Debug|Win32
		{65B21BE2-ADB6-4833-90DC-8BBF2B21D234}.Release|x64.ActiveCfg = Release|x64
		{65B21BE2-ADB6-4833-90DC-8BBF2B21D234}.Release|x64.Build.0 = Release|x64
		{65B21BE2-ADB6-4833-90DC-8BBF2B21D234}.Release|x86.ActiveCfg = Release|Win32
		{65B21BE2-ADB6-4833-90DC-8BBF2B21D234}.Release|x86.Build.0 = Release|Win32
		{75ECD9E8-2E79-4ED7-8212-DAD77349F06D}.Debug|x64.ActiveCfg = Debug|x64
		{75ECD9E8-2E79-4ED7-8212-DAD77349F06D}.Debug|x64.Build.0 = Debug|x64
		{75ECD9E8-2E79-4ED7-8212-DAD77349F06D}.Debug|x86.ActiveCfg = Debug|Win32
		{75ECD9E8-2E79-4ED7-8212-DAD77349F06D}.Debug|x86.Build.0 = Debug|Win32
		{75ECD9E8-2E79-4ED7-8212-DAD77349F06D}.Release|x64.ActiveCfg = Release|x64
		{75ECD9E8-2E79-4ED7-8212-DAD77349F06D}.Release|x64.Build.0 = Release|x64
		{75ECD9E8-2E79-4ED7-8212-DAD77349F06D}.Release|x86.ActiveCfg = Release|Win32
		{75ECD9E8-2E79-4ED7-8212-DAD77349F06D}.Release|x86.Build.0 = Release|Win32
		{DF13C4DB-5F50-4814-8479-5C0BD51DB038}.Debug|x64.ActiveCfg = Debug|x64
		{DF13C4DB-5F50-4814-8479-5C0BD51DB038}.Debug|x64.Build.0 = Debug|x64
		{DF13C4DB-5F50-4814-8479-5C0BD51DB038}.Debug|x86.ActiveCfg = Debug|Win32
		{DF13C4DB-5F50-4814-8479-5C0BD51DB038}.Debug|x86.Build.0 = Debug|Win32
		{DF13C4DB-5F50-4814-8479-5C0BD51DB038}.Release|x64.ActiveCfg = Release|x64
		{DF13C4DB-5F50-4814-8479-5C0BD51DB038}.Release|x64.Build.0 = Release|x64
		{DF13C4DB-5F50-4814-8479-5C0BD51DB038}.Release|x86.ActiveCfg = Release|Win32
		{DF13C4DB-5F50-4814-8479-5C0BD51DB038}.Release|x86.Build.0 = Release|Win32
		{9AD6882B-BAFD-423E-BB6F-60E43C24ED02}.Debug|x64.ActiveCfg = Debug|x64
		{9AD6882B-BAFD-423E-BB6F-60E43C24ED02}.Debug|x64.Build.0 = Debug|x64
		{9AD6882B-BAFD-423E-BB6F-60E43C24ED02}.Debug|x86.ActiveCfg = Debug|Win32
		{9AD6882B-BAFD-423E-BB6F-60E43C24ED02}.Debug|x86.Build.0 = Debug|Win32
		{9AD6882B-BAFD-423E-BB6F-60E43C24ED02}.Release|x64.ActiveCfg = Release|x64
		{9AD6882B-BAFD-423E-BB6F-60E43C24ED02}.Release|x64.Build.0 = Release|x64
		{9AD6882B-BAFD-423E-BB6F-60E43C24ED02}.Release|x86.ActiveCfg = Release|Win32
		{9AD6882B-BAFD-423E-BB6F-60E43C24ED02}.Release|x86.Build.0 = Release|Win32
		{91071220-62F3-4D68-8122-A06355DAEEF3}.Debug|x64.ActiveCfg = Debug|x64
		{91071220-62F3-4D68-8122-A06355DAEEF3}.Debug|x64.Build.0 = Debug|x64
		{91071220-62F3-4D68-8122-A06355DAEEF3}.Debug|x86.ActiveCfg = Debug|Win32
		{91071220-62F3-4D68-8122-A06355DAEEF3}.Debug|x86.Build.0 = Debug|Win32
		{91071220-62F3-4D68-8122-A06355DAEEF3}.Release|x64.ActiveCfg = Release|x64
		{91071220-62F3-4D68-8122-A06355DAEEF3}.Release|x64.Build.0 = Release|x64
		{91071220-62F3-4D68-8122-A06355DAEEF3}.Release|x86.ActiveCfg = Release|Win32
		{91071220-62F3-4D68-8122-A06355DAEEF3}.Release|x86.Build.0 = Release|Win32
		{5E6A4BB1-D671-4C9E-A7A2-05F93C1A6EA6}.Debug|x64.ActiveCfg = Debug|x64
		{5E6A4BB1-D671-4C9E-A7A2-05F93C1A6EA6}.Debug|x64.Build.0 = Debug|x64
		{5E6A4BB1-D671-4C9E-A7A2-05F93C1A6EA6}.Debug|x86.ActiveCfg = Debug|Win32
		{5E6A4BB1-D671-4C9E-A7A2-05F93C1A6EA6}.Debug|x86.Build.0 = Debug|Win32
		{5E6A4BB1-D671-4C9E-A7A2-05F93C1A6EA6}.Release|x64.ActiveCfg = Release|x64
		{5E6A4BB1-D671-4C9E-A7A2-05F93C1A6EA6}.Release|x64.Build.0 = Release|x64
		{5E6A4BB1-D671-4C9E-A7A2-05F93C1A6EA6}.Release|x86.ActiveCfg = Release|Win32
		{5E6A4BB1-D671-4C9E-A7A2-05F93C1A6EA6}.Release|x86.Build.0 = Release|Win32
		{F685FC0B-4F5F-4CF0-9546-2A4469E80538}.Debug|x64.ActiveCfg = Debug|x64
		{F685FC0B-4F5F-4CF0-9546-2A4469E80538}.Debug|x64.Build.0 = Debug|x64
		{F685FC0B-4F5F-4CF0-9546-2A4469E80538}.Debug|x86.ActiveCfg = Debug|Win32
		{F685FC0B-4F5F-4CF0-9546-2A4469E80538}.Debug|x86.Build.0 = Debug|Win32
		{F685FC0B-4F5F-4CF0-9546-2A4469E80538}.Release|x64.ActiveCfg = Release|x64
		{F685FC0B-4F5F-4CF0-9546-2A4469E80538}.Release|x64.Build.0 = Release|x64
		{F685FC0B-4F5F-4CF0-9546-2A4469E80538}.Release|x86.ActiveCfg = Release|Win32
		{F685FC0B-4F5F-4CF0-9546-2A4469E80538}.Release|x86.Build.0 = Release|Win32
		{B0024AA6-5193-4E8F-9061-A55667781306}.Debug|x64.ActiveCfg = Debug|x64
		{B0024AA6-5193-4E8F-9061-A55667781306}.Debug|x64.Build.0 = Debug|x64
		{B0024AA6-5193-4E8F-9061-A55667781306}.Debug|x86.ActiveCfg = Debug|Win32
		{B0024AA6-5193-4E8F-9061-A55667781306}.Debug|x86.Build.0 = Debug|Win32
		{B0024AA6-5193-4E8F-9061-A55667781306}.Release|x64.ActiveCfg = Release|x64
		{B0024AA6-5193-4E8F-9061-A55667781306}.Release|x64.Build.0 = Release|x64
		{B0024AA6-5193-4E8F-9061-A55667781306}.Release|x86.ActiveCfg = Release|Win32
		{B0024AA6-5193-4E8F-9061-A55667781306}.Release|x86.Build.0 = Release|Win32
		{FC29FD6C-50FF-4947-B13D-87DC400E1AFA}.Debug|x64.ActiveCfg = Debug|x64
		{FC29FD6C-50FF-4947-B13D-87DC400E1AFA}.Debug|x64.Build.0 = Debug|x64
		{FC29FD6C-50FF-4947-B13D-87DC400E1AFA}.Debug|x86.ActiveCfg = Debug|Win32
		{FC29FD6C-50FF-4947-B13D-87DC400E1AFA}.Debug|x86.Build.0 = Debug|Win32
		{FC29FD6C-50FF-4947-B13D-87DC400E1AFA}.Release|x64.ActiveCfg = Release|x64
		{FC29FD6C-50FF-4947-B13D-87DC400E1AFA}.Release|x64.Build.0 = Release|x64
		{FC29FD6C-50FF-4947-B13D-87DC400E1AFA}.Release|x86.ActiveCfg = Release|Win32
		{FC29FD6C-50FF-4947-B13D-87DC400E1AFA}.Release|x86.Build.0 = Release|Win32
		{ED34151A-8F88-45CC-8695-66082F343408}.Debug|x64.ActiveCfg = Debug|x64
		{ED34151A-8F88-45CC-8695-66082F343408}.Debug|x64.Build.0 = Debug|x64
		{ED34151A-8F88-45CC-8695-66082F343408}.Debug|x86.ActiveCfg = Debug|Win32
		{ED34151A-8F88-45CC-8695-66082F343408}.Debug|x86.Build.0 = Debug|Win32
		{ED34151A-8F88-45CC-8695-66082F343408}.Release|x64.ActiveCfg = Release|x64
		{ED34151A-8F88-45CC-8695-66082F343408}.Release|x64.Build.0 = Release|x64
		{ED34151A-8F88-45CC-8695-66082F343408}.Release|x86.ActiveCfg = Release|Win32
		{ED34151A-8F88-45CC-8695-66082F343408}.Release|x86.Build.0 = Release|Win32
		{6F7C6BAE-8EF5-479F-9A50-0B0AB4953B04}.Debug|x64.ActiveCfg = Debug|x64
		{6F7C6BAE-8EF5-479F-9A50-0B0AB4953B04}.Debug|x64.Build.0 = Debug|x64
		{6F7C6BAE-8EF5-479F-9A50-0B0AB4953B04}.Debug|x86.ActiveCfg = Debug|Win32
		{6F7C6BAE-8EF5-479F-9A50-0B0AB4953B04}.Debug|x86.Build.0 = Debug|Win32
		{6F7C6BAE-8EF5-479F-9A50-0B0AB4953B04}.Release|x64.ActiveCfg = Release|x64
		{6F7C6BAE-8EF5-479F-9A50-0B0AB4953B04}.Release|x64.Build.0 = Release|x64
		{6F7C6BAE-8EF5-479F-9A50-0B0AB4953B04}.Release|x86.ActiveCfg = Release|Win32
		{6F7C6BAE-8EF5-479F-9A50-0B0AB4953B04}.Release|x86.Build.0 = Release|Win32
		{9176FA32-0217-445C-B0E9-7D1301B5727F}.Debug|x64.ActiveCfg = Debug|x64
		{9176FA32-0217-445C-B0E9-7D1301B5727F}.Debug|x64.Build.0 = Debug|x64
		{9176FA32-0217-445C-B0E9-7D1301B5727F}.Debug|x86.ActiveCfg = Debug|Win32
		{9176FA32-0217-445C-B0E9-7D1301B5727F}.Debug|x86.Build.0 = Debug|Win32
		{9176FA32-0217-445C-B0E9-7D1301B5727F}.Release|x64.ActiveCfg = Release|x64
		{9176FA32-0217-445C-B0E9-7D1301B5727F}.Release|x64.Build.0 = Release|x64
		{9176FA32-0217-445C-B0E9-7D1301B5727F}.Release|x86.ActiveCfg = Release|Win32
		{9176FA32-0217-445C-B0E9-7D1301B5727F}.Release|x86.Build.0 = Release|Win32
		{2F26CE7F-8291-4F99-B8C2-3C0C6119FBC3}.Debug|x64.ActiveCfg = Debug|x64
		{2F26CE7F-8291-4F99-B8C2-3C0C6119FBC3}.Debug|x64.Build.0 = Debug|x64
		{2F26CE7F-8291-4F99-B8C2-3C0C6119FBC3}.Debug|x86.ActiveCfg = Debug|Win32
		{2F26CE7F-8291-4F99-B8C2-3C0C6119FBC3}.Debug|x86.Build.0 = Debug|Win32
		{2F26CE7F-8291-4F99-B8C2-3C0C6119FBC3}.Release|x64.ActiveCfg = Release|x64
		{2F26CE7F-8291-4F99-B8C2-3C0C6119FBC3}.Release|x64.Build.0 = Release|x64
		{2F26CE7F-8291-4F99-B8C2-3C0C6119FBC3}.Release|x86.ActiveCfg = Release|Win32
		{2F26CE7F-8291-4F99-B8C2-3C0C6119FBC3}.Release|x86.Build.0 = Release|Win32
		{957C847A-77F2-4816-9C1F-57861CCDD5BA}.Debug|x64.ActiveCfg = Debug|x64
		{957C847A-77F2-4816-9C1F-57861CCDD5BA}.Debug|x64.Build.0 = Debug|x64
		{957C847A-77F2-4816-9C1F-57861CCDD5BA}.Debug|x86.ActiveCfg = Debug|Win32
		{957C847A-77F2-4816-9C1F-57861CCDD5BA}.Debug|x86.Build.0 = Debug|Win32
		{957C847A-77F2-4816-9C1F-57861CCDD5BA}.Release|x64.ActiveCfg = Release|x64
		{957C847A-77F2-4816-9C1F-57861CCDD5BA}.Release|x64.Build.0 = Release|x64
		{957C847A-77F2-4816-9C1F-57861CCDD5BA}.Release|x86.ActiveCfg = Release|Win32
		{957C847A-77F2-4816-9C1F-57861CCDD5BA}.Release|x86.Build.0 = Release|Win32
		{AB09405A-D40E-477F-84DE-3CFDE43301C1}.Debug|x64.ActiveCfg = Debug|x64
		{AB09405A-D40E-477F-84DE-3CFDE43301C1}.Debug|x64.Build.0 = Debug|x64
		{AB09405A-D40E-477F-84DE-3CFDE43301C1}.Debug|x86.ActiveCfg = Debug|Win32
		{AB09405A-D40E-477F-84DE-3CFDE43301C1}.Debug|x86.Build.0 = Debug|Win32
		{AB09405A-D40E-477F-84DE-3CFDE43301C1}.Release|x64.ActiveCfg = Release|x64
		{AB09405A-D40E-477F-84DE-3CFDE43301C1}.Release|x64.Build.0 = Release|x64
		{AB09405A-D40E-477F-84DE-3CFDE43301C1}.Release|x86.ActiveCfg = Release|Win32
		{AB09405A-D40E-477F-84DE-3CFDE43301C1}.Release|x86.Build.0 = Release|Win32
		{9D95CB34-EC07-446A-ACD9-2D6E129F90C0}.Debug|x64.ActiveCfg = Debug|x64
		{9D95CB34-EC07-446A-ACD9-2D6E129F90C0}.Debug|x64.Build.0 = Debug|x64
		{9D95CB34-EC07-446A-ACD9-2D6E129F90C0}.Debug|x86.ActiveCfg = Debug|Win32
		{9D95CB34-EC07-446A-ACD9-2D6E129F90C0}.Debug|x86.Build.0 = Debug|Win32
		{9D95CB34-EC07-446A-ACD9-2D6E129F90C0}.Release|x64.ActiveCfg = Release|x64
		{9D95CB34-EC07-446A-ACD9-2D6E129F90C0}.Release|x64.Build.0 = Release|x64
		{9D95CB34-EC07-446A-ACD9-2D6E129F90C0}.Release|x86.ActiveCfg = Release|Win32
		{9D95CB34-EC07-446A-ACD9-2D6E129F90C0}.Release|x86.Build.0 = Release|Win32
		{EDAD7154-55F0-4A84-A525-6689DFA4A6F3}.Debug|x64.ActiveCfg = Debug|x64
		{EDAD7154-55F0-4A84-A525-6689DFA4A6F3}.Debug|x64.Build.0 = Debug|x64
		{EDAD7154-55F0-4A84-A525-6689DFA4A6F3}.Debug|x86.ActiveCfg = Debug|Win32
		{EDAD7154-55F0-4A84-A525-6689DFA4A6F3}.Debug|x86.Build.0 = Debug|Win32
		{EDAD7154-55F0-4A84-A525-6689DFA4A6F3}.Release|x64.ActiveCfg = Release|x64
		{EDAD7154-55F0-4A84-A525-6689DFA4A6F3}.Release|x64.Build.0 = Release|x64
		{EDAD7154-55F0-4A84-A525-6689DFA4A6F3}.Release|x86.ActiveCfg = Release|Win32
		{EDAD7154-55F0-4A84-A525-6689DFA4A6F3}.Release|x86.Build.0 = Release|Win32
		{4371024D-16E6-479D-B9B7-77153A681A07}.Debug|x64.ActiveCfg = Debug|x64
		{4371024D-16E6-479D-B9B7-77153A681A07}.Debug|x64.Build.0 = Debug|x64
		{4371024D-16E6-479D-B9B7-77153A681A07}.Debug|x86.ActiveCfg = Debug|Win32
		{4371024D-16E6-479D-B9B7-77153A681A07}.Debug|x86.Build.0 = Debug|Win32
		{4371024D-16E6-479D-B9B7-77153A681A07}.Release|x64.ActiveCfg = Release|x64
		{4371024D-16E6-479D-B9B7-77153A681A07}.Release|x64.Build.0 = Release|x64
		{4371024D-16E6-479D-B9B7-77153A681A07}.Release|x86.ActiveCfg = Release|Win32
		{4371024D-16E6-479D-B9B7-77153A681A07}.Release|x86.Build.0 = Release|Win32
		{4F00FB18-6C7D-49ED-8461-FEC617A9A73A}.Debug|x64.ActiveCfg = Debug|x64
		{4F00FB18-6C7D-49ED-8461-FEC617A9A73A}.Debug|x64.Build.0 = Debug|x64
		{4F00FB18-6C7D-49ED-8461-FEC617A9A73A}.Debug|x86.ActiveCfg = Debug|Win32
		{4F00FB18-6C7D-49ED-8461-FEC617A9A73A}.Debug|x86.Build.0 = Debug|Win32
		{4F00FB18-6C7D-49ED-8461-FEC617A9A73A}.Release|x64.ActiveCfg = Release|x64
		{4F00FB18-6C7D-49ED-8461-FEC617A9A73A}.Release|x64.Build.0 = Release|x64
		{4F00FB18-6C7D-49ED-8461-FEC617A9A73A}.Release|x86.ActiveCfg = Release|Win32
		{4F00FB18-6C7D-49ED-8461-FEC617A9A73A}.Release|x86.Build.0 = Release|Win32
		{3173FCAD-E94C-43C0-BE71-4CEDA26D90F7}.Debug|x64.ActiveCfg = Debug|x64
		{3173FCAD-E94C-43C0-BE71-4CEDA26D90F7}.Debug|x64.Build.0 = Debug|x64
		{3173FCAD-E94C-43C0-BE71-4CEDA26D90F7}.Debug|x86.ActiveCfg = Debug|Win32
		{3173FCAD-E94C-43C0-BE71-4CEDA26D90F7}.Debug|x86.Build.0 = Debug|Win32
		{3173FCAD-E94C-43C0-BE71-4CEDA26D90F7}.Release|x64.ActiveCfg = Release|x64
		{3173FCAD-E94C-43C0-BE71-4CEDA26D90F7}.Release|x64.Build.0 = Release|x64
		{3173FCAD-E94C-43C0-BE71-4CEDA26D90F7}.Release|x86.ActiveCfg = Release|Win32
		{3173FCAD-E94C-43C0-BE71-4CEDA26D90F7}.Release|x86.Build.0 = Release|Win32
		{2B153255-E978-45F1-AEB3-698AE58AF4AD}.Debug|x64.ActiveCfg = Debug|x64
		{2B153255-E978-45F1-AEB3-698AE58AF4AD}.Debug|x64.Build.0 = Debug|x64
		{2B153255-E978-45F1-AEB3-698AE58AF4AD}.Debug|x86.ActiveCfg = Debug|Win32
		{2B153255-E978-45F1-AEB3-698AE58AF4AD}.Debug|x86.Build.0 = Debug|Win32
		{2B153255-E978-45F1-AEB3-698AE58AF4AD}.Release|x64.ActiveCfg = Release|x64
		{2B153255-E978-45F1-AEB3-698AE58AF4AD}.Release|x64.Build.0 = Release|x64
		{2B153255-E978-45F1-AEB3-698AE58AF4AD}.Release|x86.ActiveCfg = Release|Win32
		{2B153255-E978-45F1-AEB3-698AE58AF4AD}.Release|x86.Build.0 = Release|Win32
		{4B2B1488-57B5-4986-AA30-530FCD920908}.Debug|x64.ActiveCfg = Debug|x64
		{4B2B1488-57B5-4986-AA30-530FCD920908}.Debug|x64.Build.0 = Debug|x64
		{4B2B1488-57B5-4986-AA30-530FCD920908}.Debug|x86.ActiveCfg = Debug|Win32
		{4B2B1488-57B5-4986-AA30-530FCD920908}.Debug|x86.Build.0 = Debug|Win32
		{4B2B1488-57B5-4986-AA30-530FCD920908}.Release|x64.ActiveCfg = Release|x64
		{4B2B1488-57B5-4986-AA30-530FCD920908}.Release|x64.Build.0 = Release|x64
		{4B2B1488-57B5-4986-AA30-530FCD920908}.Release|x86.ActiveCfg = Release|Win32
		{4B2B1488-57B5-4986-AA30-530FCD920908}.Release|x86.Build.0 = Release|Win32
		{9AAE4845-F6DF-41E9-8A2D-1AB1C19BD1F5}.Debug|x64.ActiveCfg = Debug|x64
		{9AAE4845-F6DF-41E9-8A2D-1AB1C19BD1F5}.Debug|x64.Build.0 = Debug|x64
		{9AAE4845-F6DF-41E9-8A2D-1AB1C19BD1F5}.Debug|x86.ActiveCfg = Debug|Win32
		{9AAE4845-F6DF-41E9-8A2D-1AB1C19BD1F5}.Debug|x86.Build.0 = Debug|Win32
		{9AAE4845-F6DF-41E9-8A2D-1AB1C19BD1F5}.Release|x64.ActiveCfg = Release|x64
		{9AAE4845-F6DF-41E9-8A2D-1AB1C19BD1F5}.Release|x64.Build.0 = Release|x64
		{9AAE4845-F6DF-41E9-8A2D-1AB1C19BD1F5}.Release|x86.ActiveCfg = Release|Win32
		{9AAE4845-F6DF-41E9-8A2D-1AB1C19BD1F5}.Release|x86.Build.0 = Release|Win32
		{E1C8E51F-24CF-450D-8BD2-B52521276904}.Debug|x64.ActiveCfg = Debug|x64
		{E1C8E51F-24CF-450D-8BD2-B52521276904}.Debug|x64.Build.0 = Debug|x64
		{E1C8E51F-24CF-450D-8BD2-B52521276904}.Debug|x86.ActiveCfg = Debug|Win32
		{E1C8E51F-24CF-450D-8BD2-B52521276904}.Debug|x86.Build.0 = Debug|Win32
		{E1C8E51F-24CF-450D-8BD2-B52521276904}.Release|x64.ActiveCfg = Release|x64
		{E1C8E51F-24CF-450D-8BD2-B52521276904}.Release|x64.Build.0 = Release|x64
		{E1C8E51F-24CF-450D-8BD2-B52521276904}.Release|x86.ActiveCfg = Release|Win32
		{E1C8E51F-24CF-450D-8BD2-B52521276904}.Release|x86.Build.0 = Release|Win32
		{C9592C95-9FA5-4374-8523-82366D023232}.Debug|x64.ActiveCfg = Debug|x64
		{C9592C95-9FA5-4374-8523-82366D023232}.Debug|x64.Build.0 = Debug|x64
		{C9592C95-9FA5-4374-8523-82366D023232}.Debug|x86.ActiveCfg = Debug|Win32
		{C9592C95-9FA5-4374-8523-82366D023232}.Debug|x86.Build.0 = Debug|Win32
		{C9592C95-9FA5-4374-8523-82366D023232}.Release|x64.ActiveCfg = Release|x64
		{C9592C95-9FA5-4374-8523-82366D023232}.Release|x64.Build.0 = Release|x64
		{C9592C95-9FA5-4374-8523-82366D023232}.Release|x86.ActiveCfg = Release|Win32
		{C9592C95-9FA5-4374-8523-82366D023232}.Release|x86.Build.0 = Release|Win32
		{3A4AC038-F90B-4B3F-B400-509813BBCF9D}.Debug|x64.ActiveCfg = Debug|x64
		{3A4AC038-F90B-4B3F-B400-509813BBCF9D}.Debug|x64.Build.0 = Debug|x64
		{3A4AC038-F90B-4B3F-B400-509813BBCF9D}.Debug|x86.ActiveCfg = Debug|Win32
		{3A4AC038-F90B-4B3F-B400-509813BBCF9D}.Debug|x86.Build.0 = Debug|Win32
		{3A4AC038-F90B-4B3F-B400-509813BBCF9D}.Release|x64.ActiveCfg = Release|x64
		{3A4AC038-F90B-4B3F-B400-509813BBCF9D}.Release|x64.Build.0 = Release|x64
		{3A4AC038-F90B-4B3F-B400-509813BBCF9D}.Release|x86.ActiveCfg = Release|Win32
		{3A4AC038-F90B-4B3F-B400-509813BBCF9D}.Release|x86.Build.0 = Release|Win32
		{9A110F6B-8D16-47D1-AD65-5CD908AE7175}.Debug|x64.ActiveCfg = Debug|x64
		{9A110F6B-8D16-47D1-AD65-5CD908AE7175}.Debug|x64.Build.0 = Debug|x64
		{9A110F6B-8D16-47D1-AD65-5CD908AE7175}.Debug|x86.ActiveCfg = Debug|Win32
		{9A110F6B-8D16-47D1-AD65-5CD908AE7175}.Debug|x86.Build.0 = Debug|Win32
		{9A110F6B-8D16-47D1-AD65-5CD908AE7175}.Release|x64.ActiveCfg = Release|x64
		{9A110F6B-8D16-47D1-AD65-5CD908AE7175}.Release|x64.Build.0 = Release|x64
		{9A110F6B-8D16-47D1-AD65-5CD908AE7175}.Release|x86.ActiveCfg = Release|Win32
		{9A110F6B-8D16-47D1-AD65-5CD908AE7175}.Release|x86.Build.0 = Release|Win32
		{E33BCA1A-A2D6-48F1-927A-D7CF4A259B55}.Debug|x64.ActiveCfg = Debug|x64
		{E33BCA1A-A2D6-48F1-927A-D7CF4A259B55}.Debug|x64.Build.0 = Debug|x64
		{E33BCA1A-A2D6-48F1-927A-D7CF4A259B55}.Debug|x86.ActiveCfg = Debug|Win32
		{E33BCA1A-A2D6-48F1-927A-D7CF4A259B55}.Debug|x86.Build.0 = Debug|Win32
		{E33BCA1A-A2D6-48F1-927A-D7CF4A259B55}.Release|x64.ActiveCfg = Release|x64
		{E33BCA1A-A2D6-48F1-927A-D7CF4A259B55}.Release|x64.Build.0 = Release|x64
		{E33BCA1A-A2D6-48F1-927A-D7CF4A259B55}.Release|x86.ActiveCfg = Release|Win32
		{E33BCA1A-A2D6-48F1-927A-D7CF4A259B55}.Release|x86.Build.0 = Release|Win32
		{79343D1A-A6B3-4286-8A16-AC165CF2AB45}.Debug|x64.ActiveCfg = Debug|x64
		{79343D1A-A6B3-4286-8A16-AC165CF2AB45}.Debug|x64.Build.0 = Debug|x64
		{79343D1A-A6B3-4286-8A16-AC165CF2AB45}.Debug|x86.ActiveCfg = Debug|Win32
		{79343D1A-A6B3-4286-8A16-AC165CF2AB45}.Debug|x86.Build.0 = Debug|Win32
		{79343D1A-A6B3-4286-8A16-AC165CF2AB45}.Release|x64.ActiveCfg = Release|x64
		{79343D1A-A6B3-4286-8A16-AC165CF2AB45}.Release|x64.Build.0 = Release|x64
		{79343D1A-A6B3-4286-8A16-AC165CF2AB45}.Release|x86.ActiveCfg = Release|Win32
		{79343D1A-A6B3-4286-8A16-AC165CF2AB45}.Release|x86.Build.0 = Release|Win32
		{9F49DCF8-C3CC-42B0-932D-8DF268A6F398}.Debug|x64.ActiveCfg = Debug|x64
		{9F49DCF8-C3CC-42B0-932D-8DF268A6F398}.Debug|x64.Build.0 = Debug|x64
		{9F49DCF8-C3CC-42B0-932D-8DF268A6F398}.Debug|x86.ActiveCfg = Debug|Win32
		{9F49DCF8-C3CC-42B0-932D-8DF268A6F398}.Debug|x86.Build.0 = Debug|Win32
		{9F49DCF8-C3CC-42B0-932D-8DF268A6F398}.Release|x64.ActiveCfg = Release|x64
		{9F49DCF8-C3CC-42B0-932D-8DF268A6F398}.Release|x64.Build.0 = Release|x64
		{9F49DCF8-C3CC-42B0-932D-8DF268A6F398}.Release|x86.ActiveCfg = Release|Win32
		{9F49DCF8-C3CC-42B0-932D-8DF268A6F398}.Release|x86.Build.0 = Release|Win32
		{ED5E81C5-5A80-4B86-ABD4-B69032AE3DAD}.Debug|x64.ActiveCfg = Debug|x64
		{ED5E81C5-5A80-4B86-ABD4-B69032AE3DAD}.Debug|x64.Build.0 = Debug|x64
		{ED5E81C5-5A80-4B86-ABD4-B69032AE3DAD}.Debug|x86.ActiveCfg = Debug|Win32
		{ED5E81C5-5A80-4B86-ABD4-B69032AE3DAD}.Debug|x86.Build.0 = Debug|Win32
		{ED5E81C5-5A80-4B86-ABD4-B69032AE3DAD}.Release|x64.ActiveCfg = Release|x64
		{ED5E81C5-5A80-4B86-ABD4-B69032AE3DAD}.Release|x64.Build.0 = Release|x64
		{ED5E81C5-5A80-4B86-ABD4-B69032AE3DAD}.Release|x86.ActiveCfg = Release|Win32
		{ED5E81C5-5A80-4B86-ABD4-B69032AE3DAD}.Release|x86.Build.0 = Release|Win32
		{EAE37BAE-41B8-464A-845F-E802313B223A}.Debug|x64.ActiveCfg = Debug|x64
		{EAE37BAE-41B8-464A-845F-E802313B223A}.Debug|x64.Build.0 = Debug|x64
		{EAE37BAE-41B8-464A-845F-E802313B223A}.Debug|x86.ActiveCfg = Debug|Win32
		{EAE37BAE-41B8-464A-845F-E802313B223A}.Debug|x86.Build.0 = Debug|Win32
		{EAE37BAE-41B8-464A-845F-E802313B223A}.Release|x64.ActiveCfg = Release|x64
		{EAE37BAE-41B8-464A-845F-E802313B223A}.Release|x64.Build.0 = Release|x64
		{EAE37BAE-41B8-464A-845F-E802313B223A}.Release|x86.ActiveCfg = Release|Win32
		{EAE37BAE-41B8-464A-845F-E802313B223A}.Release|x86.Build.0 = Release|Win32
		{ED344073-D4A2-4ED3-BBAD-7F500CB5334C}.Debug|x64.ActiveCfg = Debug|x64
		{ED344073-D4A2-4ED3-BBAD-7F500CB5334C}.Debug|x64.Build.0 = Debug|x64
		{ED344073-D4A2-4ED3-BBAD-7F500CB5334C}.Debug|x86.ActiveCfg = Debug|Win32
		{ED344073-D4A2-4ED3-BBAD-7F500CB5334C}.Debug|x86.Build.0 = Debug|Win32
		{ED344073-D4A2-4ED3-BBAD-7F500CB5334C}.Release|x64.ActiveCfg = Release|x64
		{ED344073-D4A2-4ED3-BBAD-7F500CB5334C}.Release|x64.Build.0 = Release|x64
		{ED344073-D4A2-4ED3-BBAD-7F500CB5334C}.Release|x86.ActiveCfg = Release|Win32
		{ED344073-D4A2-4ED3-BBAD-7F500CB5334C}.Release|x86.Build.0 = Release|Win32
		{1E1DAACC-F46F-4A8B-BDF4-AF7A8281D625}.Debug|x64.ActiveCfg = Debug|x64
		{1E1DAACC-F46F-4A8B-BDF4-AF7A8281D625}.Debug|x64.Build.0 = Debug|x64
		{1E1DAACC-F46F-4A8B-BDF4-AF7A8281D625}.Debug|x86.ActiveCfg = Debug|Win32
		{1E1DAACC-F46F-4A8B-BDF4-AF7A8281D625}.Debug|x86.Build.0 = Debug|Win32
		{1E1DAACC-F46F-4A8B-BDF4-AF7A8281D625}.Release|x64.ActiveCfg = Release|x64
		{1E1DAACC-F46F-4A8B-BDF4-AF7A8281D625}.Release|x64.Build.0 = Release|x64
		{1E1DAACC-F46F-4A8B-BDF4-AF7A8281D625}.Release|x86.ActiveCfg = Release|Win32
		{1E1DAACC-F46F-4A8B-BDF4-AF7A8281D625}.Release|x86.Build.0 = Release|Win32
		{852B59FC-48AD-4B50-BB47-E53E8E699127}.Debug|x64.ActiveCfg = Debug|x64
		{852B59FC-48AD-4B50-BB47-E53E8E699127}.Debug|x64.Build.0 = Debug|x64
		{852B59FC-48AD-4B50-BB47-E53E8E699127}.Debug|x86.ActiveCfg = Debug|Win32
		{852B59FC-48AD-4B50-BB47-E53E8E699127}.Debug|x86.Build.0 = Debug|Win32
		{852B59FC-48AD-4B50-BB47-E53E8E699127}.Release|x64.ActiveCfg = Release|x64
		{852B59FC-48AD-4B50-BB47-E53E8E699127}.Release|x64.Build.0 = Release|x64
		{852B59FC-48AD-4B50-BB47-E53E8E699127}.Release|x86.ActiveCfg = Release|Win32
		{852B59FC-48AD-4B50-BB47-E53E8E699127}.Release|x86.Build.0 = Release|Win32
		{616E1C6E-F2AB-4FC9-84FE-AFE41F7A8656}.Debug|x64.ActiveCfg = Debug|x64
		{616E1C6E-F2AB-4FC9-84FE-AFE41F7A8656}.Debug|x64.Build.0 = Debug|x64
		{616E1C6E-F2AB-4FC9-84FE-AFE41F7A8656}.Debug|x86.ActiveCfg = Debug|Win32
		{616E1C6E-F2AB-4FC9-84FE-AFE41F7A8656}.Debug|x86.Build.0 = Debug|Win32
		{616E1C6E-F2AB-4FC9-84FE-AFE41F7A8656}.Release|x64.ActiveCfg = Release|x64
		{616E1C6E-F2AB-4FC9-84FE-AFE41F7A8656}.Release|x64.Build.0 = Release|x64
		{616E1C6E-F2AB-4FC9-84FE-AFE41F7A8656}.Release|x86.ActiveCfg = Release|Win32
		{616E1C6E-F2AB-4FC9-84FE-AFE41F7A8656}.Release|x86.Build.0 = Release|Win32
		{C218208A-37A3-4305-82FC-8DC19891E43E}.Debug|x64.ActiveCfg = Debug|x64
		{C218208A-37A3-4305-82FC-8DC19891E43E}.Debug|x64.Build.0 = Debug|x64
		{C218208A-37A3-4305-82FC-8DC19891E43E}.Debug|x86.ActiveCfg = Debug|Win32
		{C218208A-37A3-4305-82FC-8DC19891E43E}.Debug|x86.Build.0 = Debug|Win32
		{C218208A-37A3-4305-82FC-8DC19891E43E}.Release|x64.ActiveCfg = Release|x64
		{C218208A-37A3-4305-82FC-8DC19891E43E}.Release|x64.Build.0 = Release|x64
		{C218208A-37A3-4305-82FC-8DC19891E43E}.Release|x86.ActiveCfg = Release|Win32
		{C218208A-37A3-4305-82FC-8DC19891E43E}.Release|x86.Build.0 = Release|Win32
		{668E3152-1853-44B5-A460-B989E30D9C7A}.Debug|x64.ActiveCfg = Debug|x64
		{668E3152-1853-44B5-A460-B989E30D9C7A}.Debug|x64.Build.0 = Debug|x64
		{668E3152-1853-44B5-A460-B989E30D9C7A}.Debug|x86.ActiveCfg = Debug|Win32
		{668E3152-1853-44B5-A460-B989E30D9C7A}.Debug|x86.Build.0 = Debug|Win32
		{668E3152-1853-44B5-A460-B989E30D9C7A}.Release|x64.ActiveCfg = Release|x64
		{668E3152-1853-44B5-A460-B989E30D9C7A}.Release|x64.Build.0 = Release|x64
		{668E3152-1853-44B5-A460-B989E30D9C7A}.Release|x86.ActiveCfg = Release|Win32
		{668E3152-1853-44B5-A460-B989E30D9C7A}.Release|x86.Build.0 = Release|Win32
		{71109B1F-1124-41D7-93F5-E13791C20400}.Debug|x64.ActiveCfg = Debug|x64
		{71109B1F-1124-41D7-93F5-E13791C20400}.Debug|x64.Build.0 = Debug|x64
		{71109B1F-1124-41D7-93F5-E13791C20400}.Debug|x86.ActiveCfg = Debug|Win32
		{71109B1F-1124-41D7-93F5-E13791C20400}.Debug|x86.Build.0 = Debug|Win32
		{71109B1F-1124-41D7-93F5-E13791C20400}.Release|x64.ActiveCfg = Release|x64
		{71109B1F-1124-41D7-93F5-E13791C20400}.Release|x64.Build.0 = Release|x64
		{71109B1F-1124-41D7-93F5-E13791C20400}.Release|x86.ActiveCfg = Release|Win32
		{71109B1F-1124-41D7-93F5-E13791C20400}.Release|x86.Build.0 = Release|Win32
		{C2C77C07-9F54-40D9-BA93-98B42834CB3D}.Debug|x64.ActiveCfg = Debug|x64
		{C2C77C07-9F54-40D9-BA93-98B42834CB3D}.Debug|x64.Build.0 = Debug|x64
		{C2C77C07-9F54-40D9-BA93-98B42834CB3D}.Debug|x86.ActiveCfg = Debug|Win32
		{C2C77C07-9F54-40D9-BA93-98B42834CB3D}.Debug|x86.Build.0 = Debug|Win32
		{C2C77C07-9F54-40D9-BA93-98B42834CB3D}.Release|x64.ActiveCfg = Release|x64
		{C2C77C07-9F54-40D9-BA93-98B42834CB3D}.Release|x64.Build.0 = Release|x64
		{C2C77C07-9F54-40D9-BA93-98B42834CB3D}.Release|x86.ActiveCfg = Release|Win32
		{C2C77C07-9F54-40D9-BA93-98B42834CB3D}.Release|x86.Build.0 = Release|Win32
		{C0B98FF9-A096-4034-8C19-59F9749D6A3B}.Debug|x64.ActiveCfg = Debug|x64
		{C0B98FF9-A096-4034-8C19-59F9749D6A3B}.Debug|x64.Build.0 = Debug|x64
		{C0B98FF9-A096-4034-8C19-59F9749D6A3B}.Debug|x86.ActiveCfg = Debug|Win32
		{C0B98FF9-A096-4034-8C19-59F9749D6A3B}.Debug|x86.Build.0 = Debug|Win32
		{C0B98FF9-A096-4034-8C19-59F9749D6A3B}.Release|x64.ActiveCfg = Release|x64
		{C0B98FF9-A096-4034-8C19-59F9749D6A3B}.Release|x64.Build.0 = Release|x64
		{C0B98FF9-A096-4034-8C19-59F9749D6A3B}.Release|x86.ActiveCfg = Release|Win32
		{C0B98FF9-A096-4034-8C19-59F9749D6A3B}.Release|x86.Build.0 = Release|Win32
		{8629ED22-0654-4898-BB83-2D611C3B6082}.Debug|x64.ActiveCfg = Debug|x64
		{8629ED22-0654-4898-BB83-2D611C3B6082}.Debug|x64.Build.0 = Debug|x64
		{8629ED22-0654-4898-BB83-2D611C3B6082}.Debug|x86.ActiveCfg = Debug|Win32
		{8629ED22-0654-4898-BB83-2D611C3B6082}.Debug|x86.Build.0 = Debug|Win32
		{8629ED22-0654-4898-BB83-2D611C3B6082}.Release|x64.ActiveCfg = Release|x64
		{8629ED22-0654-4898-BB83-2D611C3B6082}.Release|x64.Build.0 = Release|x64
		{8629ED22-0654-4898-BB83-2D611C3B6082}.Release|x86.ActiveCfg = Release|Win32
		{8629ED22-0654-4898-BB83-2D611C3B6082}.Release|x86.Build.0 = Release|Win32
		{ED3E5F9D-C608-438F-97B6-0648335A7298}.Debug|x64.ActiveCfg = Debug|x64
		{ED3E5F9D-C608-438F-97B6-0648335A7298}.Debug|x64.Build.0 = Debug|x64
		{ED3E5F9D-C608-438F-97B6-0648335A7298}.Debug|x86.ActiveCfg = Debug|Win32
		{ED3E5F9D-C608-438F-97B6-0648335A7298}.Debug|x86.Build.0 = Debug|Win32
		{ED3E5F9D-C608-438F-97B6-0648335A7298}.Release|x64.ActiveCfg = Release|x64
		{ED3E5F9D-C608-438F-97B6-0648335A7298}.Release|x64.Build.0 = Release|x64
		{ED3E5F9D-C608-438F-97B6-0648335A7298}.Release|x86.ActiveCfg = Release|Win32
		{ED3E5F9D-C608-438F-97B6-0648335A7298}.Release|x86.Build.0 = Release|Win32
		{3847F487-F6D0-4D6E-B653-AE4AFD6D773E}.Debug|x64.ActiveCfg = Debug|x64
		{3847F487-F6D0-4D6E-B653-AE4AFD6D773E}.Debug|x64.Build.0 = Debug|x64
		{3847F487-F6D0-4D6E-B653-AE4AFD6D773E}.Debug|x86.ActiveCfg = Debug|Win32
		{3847F487-F6D0-4D6E-B653-AE4AFD6D773E}.Debug|x86.Build.0 = Debug|Win32
		{3847F487-F6D0-4D6E-B653-AE4AFD6D773E}.Release|x64.ActiveCfg = Release|x64
		{3847F487-F6D0-4D6E-B653-AE4AFD6D773E}.Release|x64.Build.0 = Release|x64
		{3847F487-F6D0-4D6E-B653-AE4AFD6D773E}.Release|x86.ActiveCfg = Release|Win32
		{3847F487-F6D0-4D6E-B653-AE4AFD6D773E}.Release|x86.Build.0 = Release|Win32
		{550997F5-7499-4B35-BB81-6FFD048AD3F3}.Debug|x64.ActiveCfg = Debug|x64
		{550997F5-7499-4B35-BB81-6FFD048AD3F3}.Debug|x64.Build.0 = Debug|x64
		{550997F5-7499-4B35-BB81-6FFD048AD3F3}.Debug|x86.ActiveCfg = Debug|Win32
		{550997F5-7499-4B35-BB81-6FFD048AD3F3}.Debug|x86.Build.0 = Debug|Win32
		{550997F5-7499-4B35-BB81-6FFD048AD3F3}.Release|x64.ActiveCfg = Release|x64
		{550997F5-7499-4B35-BB81-6FFD048AD3F3}.Release|x64.Build.0 = Release|x64
		{550997F5-7499-4B35-BB81-6FFD048AD3F3}.Release|x86.ActiveCfg = Release|Win32
		{550997F5-7499-4B35-BB81-6FFD048AD3F3}.Release|x86.Build.0 = Release|Win32
		{2F6F6570-828A-4AFA-8307-8A74B99E6B67}.Debug|x64.ActiveCfg = Debug|x64
		{2F6F6570-828A-4AFA-8307-8A74B99E6B67}.Debug|x64.Build.0 = Debug|x64
		{2F6F6570-828A-4AFA-8307-8A74B99E6B67}.Debug|x86.ActiveCfg = Debug|Win32
		{2F6F6570-828A-4AFA-8307-8A74B99E6B67}.Debug|x86.Build.0 = Debug|Win32
		{2F6F6570-828A-4AFA-8307-8A74B99E6B67}.Release|x64.ActiveCfg = Release|x64
		{2F6F6570-828A-4AFA-8307-8A74B99E6B67}.Release|x64.Build.0 = Release|x64
		{2F6F6570-828A-4AFA-8307-8A74B99E6B67}.Release|x86.ActiveCfg = Release|Win32
		{2F6F6570-828A-4AFA-8307-8A74B99E6B67}.Release|x86.Build.0 = Release|Win32
		{A9B09215-3AC6-4FDD-9E7B-8D5BDECEA894}.Debug|x64.ActiveCfg = Debug|x64
		{A9B09215-3AC6-4FDD-9E7B-8D5BDECEA894}.Debug|x64.Build.0 = Debug|x64
		{A9B09215-3AC6-4FDD-9E7B-8D5BDECEA894}.Debug|x86.ActiveCfg = Debug|Win32
		{A9B09215-3AC6-4FDD-9E7B-8D5BDECEA894}.Debug|x86.Build.0 = Debug|Win32
		{A9B09215-3AC6-4FDD-9E7B-8D5BDECEA894}.Release|x64.ActiveCfg = Release|x64
		{A9B09215-3AC6-4FDD-9E7B-8D5BDECEA894}.Release|x64.Build.0 = Release|x64
		{A9B09215-3AC6-4FDD-9E7B-8D5BDECEA894}.Release|x86.ActiveCfg = Release|Win32
		{A9B09215-3AC6-4FDD-9E7B-8D5BDECEA894}.Release|x86.Build.0 = Release|Win32
		{D51A94CE-2323-4F18-954E-4EA23D4A70B0}.Debug|x64.ActiveCfg = Debug|x64
		{D51A94CE-2323-4F18-954E-4EA23D4A70B0}.Debug|x64.Build.0 = Debug|x64
		{D51A94CE-2323-4F18-954E-4EA23D4A70B0}.Debug|x86.ActiveCfg = Debug|Win32
		{D51A94CE-2323-4F18-954E-4EA23D4A70B0}.Debug|x86.Build.0 = Debug|Win32
		{D51A94CE-2323-4F18-954E-4EA23D4A70B0}.Release|x64.ActiveCfg = Release|x64
		{D51A94CE-2323-4F18-954E-4EA23D4A70B0}.Release|x64.Build.0 = Release|x64
		{D51A94CE-2323-4F18-954E-4EA23D4A70B0}.Release|x86.ActiveCfg = Release|Win32
		{D51A94CE-2323-4F18-954E-4EA23D4A70B0}.Release|x86.Build.0 = Release|Win32
		{4F3472D1-0014-475F-B713-9C2D515B8FC7}.Debug|x64.ActiveCfg = Debug|x64
		{4F3472D1-0014-475F-B713-9C2D515B8FC7}.Debug|x64.Build.0 = Debug|x64
		{4F3472D1-0014-475F-B713-9C2D515B8FC7}.Debug|x86.ActiveCfg = Debug|Win32
		{4F3472D1-0014-475F-B713-9C2D515B8FC7}.Debug|x86.Build.0 = Debug|Win32
		{4F3472D1-0014-475F-B713-9C2D515B8FC7}.Release|x64.ActiveCfg = Release|x64
		{4F3472D1-0014-475F-B713-9C2D515B8FC7}.Release|x64.Build.0 = Release|x64
		{4F3472D1-0014-475F-B713-9C2D515B8FC7}.Release|x86.ActiveCfg = Release|Win32
		{4F3472D1-0014-475F-B713-9C2D515B8FC7}.Release|x86.Build.0 = Release|Win32
		{4A202776-1EF5-4C85-8CD2-F7AF9889548F}.Debug|x64.ActiveCfg = Debug|x64
		{4A202776-1EF5-4C85-8CD2-F7AF9889548F}.Debug|x64.Build.0 = Debug|x64
		{4A202776-1EF5-4C85-8CD2-F7AF9889548F}.Debug|x86.ActiveCfg = Debug|Win32
		{4A202776-1EF5-4C85-8CD2-F7AF9889548F}.Debug|x86.Build.0 = Debug|Win32
		{4A202776-1EF5-4C85-8CD2-F7AF9889548F}.Release|x64.ActiveCfg = Release|x64
		{4A202776-1EF5-4C85-8CD2-F7AF9889548F}.Release|x64.Build.0 = Release|x64
		{4A202776-1EF5-4C85-8CD2-F7AF9889548F}.Release|x86.ActiveCfg = Release|Win32
		{4A202776-1EF5-4C85-8CD2-F7AF9889548F}.Release|x86.Build.0 = Release|Win32
		{04B1B5A3-16DB-4277-8D74-D43994ECB6E0}.Debug|x64.ActiveCfg = Debug|x64
		{04B1B5A3-16DB-4277-8D74-D43994ECB6E0}.Debug|x64.Build.0 = Debug|x64
		{04B1B5A3-16DB-4277-8D74-D43994ECB6E0}.Debug|x86.ActiveCfg = Debug|Win32
		{04B1B5A3-16DB-4277-8D74-D43994ECB6E0}.Debug|x86.Build.0 = Debug|Win32
		{04B1B5A3-16DB-4277-8D74-D43994ECB6E0}.Release|x64.ActiveCfg = Release|x64
		{04B1B5A3-16DB-4277-8D74-D43994ECB6E0}.Release|x64.Build.0 = Release|x64
		{04B1B5A3-16DB-4277-8D74-D43994ECB6E0}.Release|x86.ActiveCfg = Release|Win32
		{04B1B5A3-16DB-4277-8D74-D43994ECB6E0}.Release|x86.Build.0 = Release|Win32
		{CD6C8A92-F0DE-414B-8EEE-922F74FAADFF}.Debug|x64.ActiveCfg = Debug|x64
		{CD6C8A92-F0DE-414B-8EEE-922F74FAADFF}.Debug|x64.Build.0 = Debug|x64
		{CD6C8A92-F0DE-414B-8EEE-922F74FAADFF}.Debug|x86.ActiveCfg = Debug|Win32
		{CD6C8A92-F0DE-414B-8EEE-922F74FAADFF}.Debug|x86.Build.0 = Debug|Win32
		{CD6C8A92-F0DE-414B-8EEE-922F74FAADFF}.Release|x64.ActiveCfg = Release|x64
		{CD6C8A92-F0DE-414B-8EEE-922F74FAADFF}.Release|x64.Build.0 = Release|x64
		{CD6C8A92-F0DE-414B-8EEE-922F74FAADFF}.Release|x86.ActiveCfg = Release|Win32
		{CD6C8A92-F0DE-414B-8EEE-922F74FAADFF}.Release|x86.Build.0 = Release|Win32
		{8CE5C69E-ED7E-4178-A813-6C763B7B11FE}.Debug|x64.ActiveCfg = Debug|x64
		{8CE5C69E-ED7E-4178-A813-6C763B7B11FE}.Debug|x64.Build.0 = Debug|x64
		{8CE5C69E-ED7E-4178-A813-6C763B7B11FE}.Debug|x86.ActiveCfg = Debug|Win32
		{8CE5C69E-ED7E-4178-A813-6C763B7B11FE}.Debug|x86.Build.0 = Debug|Win32
		{8CE5C69E-ED7E-4178-A813-6C763B7B11FE}.Release|x64.ActiveCfg = Release|x64
		{8CE5C69E-ED7E-4178-A813-6C763B7B11FE}.Release|x64.Build.0 = Release|x64
		{8CE5C69E-ED7E-4178-A813-6C763B7B11FE}.Release|x86.ActiveCfg = Release|Win32
		{8CE5C69E-ED7E-4178-A813-6C763B7B11FE}.Release|x86.Build.0 = Release|Win32
		{708FAD62-CA04-4D7F-A04B-593755D1A74C}.Debug|x64.ActiveCfg = Debug|x64
		{708FAD62-CA04-4D7F-A04B-593755D1A74C}.Debug|x64.Build.0 = Debug|x64
		{708FAD62-CA04-4D7F-A04B-593755D1A74C}.Debug|x86.ActiveCfg = Debug|Win32
		{708FAD62-CA04-4D7F-A04B-593755D1A74C}.Debug|x86.Build.0 = Debug|Win32
		{708FAD62-CA04-4D7F-A04B-593755D1A74C}.Release|x64.ActiveCfg = Release|x64
		{708FAD62-CA04-4D7F-A04B-593755D1A74C}.Release|x64.Build.0 = Release|x64
		{708FAD62-CA04-4D7F-A04B-593755D1A74C}.Release|x86.ActiveCfg = Release|Win32
		{708FAD62-CA04-4D7F-A04B-593755D1A74C}.Release|x86.Build.0 = Release|Win32
		{C0856509-8C95-4525-809E-093ABB7B103C}.Debug|x64.ActiveCfg = Debug|x64
		{C0856509-8C95-4525-809E-093ABB7B103C}.Debug|x64.Build.0 = Debug|x64
		{C0856509-8C95-4525-809E-093ABB7B103C}.Debug|x86.ActiveCfg = Debug|Win32
		{C0856509-8C95-4525-809E-093ABB7B103C}.Debug|x86.Build.0 = Debug|Win32
		{C0856509-8C95-4525-809E-093ABB7B103C}.Release|x64.ActiveCfg = Release|x64
		{C0856509-8C95-4525-809E-093ABB7B103C}.Release|x64.Build.0 = Release|x64
		{C0856509-8C95-4525-809E-093ABB7B103C}.Release|x86.ActiveCfg = Release|Win32
		{C0856509-8C95-4525-809E-093ABB7B103C}.Release|x86.Build.0 = Release|Win32
		{946B4430-C59A-4070-B8E3-5617B4679835}.Debug|x64.ActiveCfg = Debug|x64
		{946B4430-C59A-4070-B8E3-5617B4679835}.Debug|x64.Build.0 = Debug|x64
		{946B4430-C59A-4070-B8E3-5617B4679835}.Debug|x86.ActiveCfg = Debug|Win32
		{946B4430-C59A-4070-B8E3-5617B4679835}.Debug|x86.Build.0 = Debug|Win32
		{946B4430-C59A-4070-B8E3-5617B4679835}.Release|x64.ActiveCfg = Release|x64
		{946B4430-C59A-4070-B8E3-5617B4679835}.Release|x64.Build.0 = Release|x64
		{946B4430-C59A-4070-B8E3-5617B4679835}.Release|x86.ActiveCfg = Release|Win32
		{946B4430-C59A-4070-B8E3-5617B4679835}.Release|x86.Build.0 = Release|Win32
		{8B4E5F37-5BD8-472A-8468-E18A087232EE}.Debug|x64.ActiveCfg = Debug|x64
		{8B4E5F37-5BD8-472A-8468-E18A087232EE}.Debug|x64.Build.0 = Debug|x64
		{8B4E5F37-5BD8-472A-8468-E18A087232EE}.Debug|x86.ActiveCfg = Debug|Win32
		{8B4E5F37-5BD8-472A-8468-E18A087232EE}.Debug|x86.Build.0 = Debug|Win32
		{8B4E5F37-5BD8-472A-8468-E18A087232EE}.Release|x64.ActiveCfg = Release|x64
		{8B4E5F37-5BD8-472A-8468-E18A087232EE}.Release|x64.Build.0 = Release|x64
		{8B4E5F37-5BD8-472A-8468-E18A087232EE}.Release|x86.ActiveCfg = Release|Win32
		{8B4E5F37-5BD8-472A-8468-E18A087232EE}.Release|x86.Build.0 = Release|Win32
		{470C6CFC-6D95-4B27-825B-77043C140AEC}.Debug|x64.ActiveCfg = Debug|x64
		{470C6CFC-6D95-4B27-825B-77043C140AEC}.Debug|x64.Build.0 = Debug|x64
		{470C6CFC-6D95-4B27-825B-77043C140AEC}.Debug|x86.ActiveCfg = Debug|Win32
		{470C6CFC-6D95-4B27-825B-77043C140AEC}.Debug|x86.Build.0 = Debug|Win32
		{470C6CFC-6D95-4B27-825B-77043C140AEC}.Release|x64.ActiveCfg = Release|x64
		{470C6CFC-6D95-4B27-825B-77043C140AEC}.Release|x64.Build.0 = Release|x64
		{470C6CFC-6D95-4B27-825B-77043C140AEC}.Release|x86.ActiveCfg = Release|Win32
		{470C6CFC-6D95-4B27-825B-77043C140AEC}.Release|x86.Build.0 = Release|Win32
		{D26B9512-238D-48EC-821F-D0FB45A158B6}.Debug|x64.ActiveCfg = Debug|x64
		{D26B9512-238D-48EC-821F-D0FB45A158B6}.Debug|x64.Build.0 = Debug|x64
		{D26B9512-238D-48EC-821F-D0FB45A158B6}.Debug|x86.ActiveCfg = Debug|Win32
		{D26B9512-238D-48EC-821F-D0FB45A158B6}.Debug|x86.Build.0 = Debug|Win32
		{D26B9512-238D-48EC-821F-D0FB45A158B6}.Release|x64.ActiveCfg = Release|x64
		{D26B9512-238D-48EC-821F-D0FB45A158B6}.Release|x64.Build.0 = Release|x64
		{D26B9512-238D-48EC-821F-D0FB45A158B6}.Release|x86.ActiveCfg = Release|Win32
		{D26B9512-238D-48EC-821F-D0FB45A158B6}.Release|x86.Build.0 = Release|Win32
		{316B5E65-8FDF-48DB-89F0-69C5DBF13592}.Debug|x64.ActiveCfg = Debug|x64
		{316B5E65-8FDF-48DB-89F0-69C5DBF13592}.Debug|x64.Build.0 = Debug|x64
		{316B5E65-8FDF-48DB-89F0-69C5DBF13592}.Debug|x86.ActiveCfg = Debug|Win32
		{316B5E65-8FDF-48DB-89F0-69C5DBF13592}.Debug|x86.Build.0 = Debug|Win32
		{316B5E65-8FDF-48DB-89F0-69C5DBF13592}.Release|x64.ActiveCfg = Release|x64
		{316B5E65-8FDF-48DB-89F0-69C5DBF13592}.Release|x64.Build.0 = Release|x64
		{316B5E65-8FDF-48DB-89F0-69C5DBF13592}.Release|x86.ActiveCfg = Release|Win32
		{316B5E65-8FDF-48DB-89F0-69C5DBF13592}.Release|x86.Build.0 = Release|Win32
	EndGlobalSection
	GlobalSection(SolutionProperties) = preSolution
		HideSolutionNode = FALSE
	EndGlobalSection
	GlobalSection(NestedProjects) = preSolution
		{B3B4C645-6160-4856-9F61-EF852E8541C4} = {26A96147-8022-49B9-98D2-484AF795A290}
		{2EF58598-4FC4-47B8-852B-A6BDEA80CA16} = {26A96147-8022-49B9-98D2-484AF795A290}
		{4D17AAB3-0D5E-43A7-85F4-C9810F6AC89A} = {26A96147-8022-49B9-98D2-484AF795A290}
		{F868A271-57A7-4483-8366-4F204187FE2F} = {26A96147-8022-49B9-98D2-484AF795A290}
		{F05ED790-820F-476F-9DB4-BEAF1C201F3E} = {26A96147-8022-49B9-98D2-484AF795A290}
		{523972A9-126E-446D-B9B4-AE8B30926151} = {26A96147-8022-49B9-98D2-484AF795A290}
		{C26B061F-C0FE-4635-BAE9-9819EFCAC328} = {26A96147-8022-49B9-98D2-484AF795A290}
		{55D75C4A-6B63-456C-B547-472ED984F2F6} = {26A96147-8022-49B9-98D2-484AF795A290}
		{8D5E7AD0-52ED-4E61-AD97-CE6FCE3F4A6C} = {26A96147-8022-49B9-98D2-484AF795A290}
		{06AD40EF-7122-442D-8EE5-BE690CB7DFDF} = {26A96147-8022-49B9-98D2-484AF795A290}
		{FA6C51A7-D62C-4EF5-9977-B14103C2BF51} = {649299D2-AFD3-4F9E-97BB-E27B3BCC1E00}
		{A5B57D99-E616-4DEF-8C21-CEBD6A32DB57} = {649299D2-AFD3-4F9E-97BB-E27B3BCC1E00}
		{A6BF4D4A-2C01-4618-8C97-9CBC581635DF} = {649299D2-AFD3-4F9E-97BB-E27B3BCC1E00}
		{13DEAEA2-07CD-4EAB-90CE-5872F0DA7791} = {649299D2-AFD3-4F9E-97BB-E27B3BCC1E00}
		{B724E999-3542-473B-A73D-FFC077E171E9} = {649299D2-AFD3-4F9E-97BB-E27B3BCC1E00}
		{C58BAA91-3DEF-4DD9-9FF3-10AD64167CAC} = {649299D2-AFD3-4F9E-97BB-E27B3BCC1E00}
		{11181B27-BEEC-49B1-9EB1-B7CF8864F7B9} = {649299D2-AFD3-4F9E-97BB-E27B3BCC1E00}
		{561DFC10-440C-4104-AA09-21B08AE10E09} = {649299D2-AFD3-4F9E-97BB-E27B3BCC1E00}
		{9362B95E-4838-413E-BB27-527EC66B1881} = {649299D2-AFD3-4F9E-97BB-E27B3BCC1E00}
		{67BB1FE5-D3D4-47A6-9B04-CFEB00D770D4} = {649299D2-AFD3-4F9E-97BB-E27B3BCC1E00}
		{6CA66FF6-B5E9-44BA-BA5C-08A1C8CA2B4E} = {AF975D90-4C5F-4C49-81CD-C0E3304A92A4}
		{26CC6FBE-74A1-4E10-B301-8D9D362C8677} = {AF975D90-4C5F-4C49-81CD-C0E3304A92A4}
		{5017970A-BF4D-4463-A74F-DD9BE6D9B884} = {AF975D90-4C5F-4C49-81CD-C0E3304A92A4}
		{65B21BE2-ADB6-4833-90DC-8BBF2B21D234} = {AF975D90-4C5F-4C49-81CD-C0E3304A92A4}
		{75ECD9E8-2E79-4ED7-8212-DAD77349F06D} = {AF975D90-4C5F-4C49-81CD-C0E3304A92A4}
		{DF13C4DB-5F50-4814-8479-5C0BD51DB038} = {AF975D90-4C5F-4C49-81CD-C0E3304A92A4}
		{9AD6882B-BAFD-423E-BB6F-60E43C24ED02} = {AF975D90-4C5F-4C49-81CD-C0E3304A92A4}
		{91071220-62F3-4D68-8122-A06355DAEEF3} = {AF975D90-4C5F-4C49-81CD-C0E3304A92A4}
		{5E6A4BB1-D671-4C9E-A7A2-05F93C1A6EA6} = {AF975D90-4C5F-4C49-81CD-C0E3304A92A4}
		{F685FC0B-4F5F-4CF0-9546-2A4469E80538} = {AF975D90-4C5F-4C49-81CD-C0E3304A92A4}
		{B0024AA6-5193-4E8F-9061-A55667781306} = {AF975D90-4C5F-4C49-81CD-C0E3304A92A4}
		{FC29FD6C-50FF-4947-B13D-87DC400E1AFA} = {97DB9116-D3A6-4D89-BA85-A5E27F148B98}
		{ED34151A-8F88-45CC-8695-66082F343408} = {97DB9116-D3A6-4D89-BA85-A5E27F148B98}
		{6F7C6BAE-8EF5-479F-9A50-0B0AB4953B04} = {97DB9116-D3A6-4D89-BA85-A5E27F148B98}
		{9176FA32-0217-445C-B0E9-7D1301B5727F} = {97DB9116-D3A6-4D89-BA85-A5E27F148B98}
		{2F26CE7F-8291-4F99-B8C2-3C0C6119FBC3} = {97DB9116-D3A6-4D89-BA85-A5E27F148B98}
		{957C847A-77F2-4816-9C1F-57861CCDD5BA} = {97DB9116-D3A6-4D89-BA85-A5E27F148B98}
		{AB09405A-D40E-477F-84DE-3CFDE43301C1} = {97DB9116-D3A6-4D89-BA85-A5E27F148B98}
		{9D95CB34-EC07-446A-ACD9-2D6E129F90C0} = {97DB9116-D3A6-4D89-BA85-A5E27F148B98}
		{EDAD7154-55F0-4A84-A525-6689DFA4A6F3} = {97DB9116-D3A6-4D89-BA85-A5E27F148B98}
		{4371024D-16E6-479D-B9B7-77153A681A07} = {97DB9116-D3A6-4D89-BA85-A5E27F148B98}
		{4F00FB18-6C7D-49ED-8461-FEC617A9A73A} = {A940662A-B356-4D09-B4A9-EFAA7DE4D762}
		{3173FCAD-E94C-43C0-BE71-4CEDA26D90F7} = {A940662A-B356-4D09-B4A9-EFAA7DE4D762}
		{2B153255-E978-45F1-AEB3-698AE58AF4AD} = {A940662A-B356-4D09-B4A9-EFAA7DE4D762}
		{4B2B1488-57B5-4986-AA30-530FCD920908} = {A940662A-B356-4D09-B4A9-EFAA7DE4D762}
		{9AAE4845-F6DF-41E9-8A2D-1AB1C19BD1F5} = {A940662A-B356-4D09-B4A9-EFAA7DE4D762}
		{E1C8E51F-24CF-450D-8BD2-B52521276904} = {A940662A-B356-4D09-B4A9-EFAA7DE4D762}
		{C9592C95-9FA5-4374-8523-82366D023232} = {A940662A-B356-4D09-B4A9-EFAA7DE4D762}
		{3A4AC038-F90B-4B3F-B400-509813BBCF9D} = {A940662A-B356-4D09-B4A9-EFAA7DE4D762}
		{9A110F6B-8D16-47D1-AD65-5CD908AE7175} = {A940662A-B356-4D09-B4A9-EFAA7DE4D762}
		{E33BCA1A-A2D6-48F1-927A-D7CF4A259B55} = {A940662A-B356-4D09-B4A9-EFAA7DE4D762}
		{79343D1A-A6B3-4286-8A16-AC165CF2AB45} = {A940662A-B356-4D09-B4A9-EFAA7DE4D762}
		{9F49DCF8-C3CC-42B0-932D-8DF268A6F398} = {3CC51D5C-14F0-4EB4-B192-2A67B43A5F9F}
		{ED5E81C5-5A80-4B86-ABD4-B69032AE3DAD} = {3CC51D5C-14F0-4EB4-B192-2A67B43A5F9F}
		{EAE37BAE-41B8-464A-845F-E802313B223A} = {3CC51D5C-14F0-4EB4-B192-2A67B43A5F9F}
		{ED344073-D4A2-4ED3-BBAD-7F500CB5334C} = {3CC51D5C-14F0-4EB4-B192-2A67B43A5F9F}
		{1E1DAACC-F46F-4A8B-BDF4-AF7A8281D625} = {3CC51D5C-14F0-4EB4-B192-2A67B43A5F9F}
		{852B59FC-48AD-4B50-BB47-E53E8E699127} = {3CC51D5C-14F0-4EB4-B192-2A67B43A5F9F}
		{616E1C6E-F2AB-4FC9-84FE-AFE41F7A8656} = {3CC51D5C-14F0-4EB4-B192-2A67B43A5F9F}
		{C218208A-37A3-4305-82FC-8DC19891E43E} = {3CC51D5C-14F0-4EB4-B192-2A67B43A5F9F}
		{668E3152-1853-44B5-A460-B989E30D9C7A} = {3CC51D5C-14F0-4EB4-B192-2A67B43A5F9F}
		{71109B1F-1124-41D7-93F5-E13791C20400} = {3CC51D5C-14F0-4EB4-B192-2A67B43A5F9F}
		{C2C77C07-9F54-40D9-BA93-98B42834CB3D} = {3CC51D5C-14F0-4EB4-B192-2A67B43A5F9F}
		{C0B98FF9-A096-4034-8C19-59F9749D6A3B} = {B54BA4E9-C43C-40D1-A606-37EDA45595DE}
		{8629ED22-0654-4898-BB83-2D611C3B6082} = {B54BA4E9-C43C-40D1-A606-37EDA45595DE}
		{ED3E5F9D-C608-438F-97B6-0648335A7298} = {B54BA4E9-C43C-40D1-A606-37EDA45595DE}
		{3847F487-F6D0-4D6E-B653-AE4AFD6D773E} = {B54BA4E9-C43C-40D1-A606-37EDA45595DE}
		{550997F5-7499-4B35-BB81-6FFD048AD3F3} = {B54BA4E9-C43C-40D1-A606-37EDA45595DE}
		{2F6F6570-828A-4AFA-8307-8A74B99E6B67} = {B54BA4E9-C43C-40D1-A606-37EDA45595DE}
		{A9B09215-3AC6-4FDD-9E7B-8D5BDECEA894} = {B54BA4E9-C43C-40D1-A606-37EDA45595DE}
		{D51A94CE-2323-4F18-954E-4EA23D4A70B0} = {B54BA4E9-C43C-40D1-A606-37EDA45595DE}
		{4F3472D1-0014-475F-B713-9C2D515B8FC7} = {1DEE11E3-DB26-4B70-9F41-FF89E89BBF02}
		{4A202776-1EF5-4C85-8CD2-F7AF9889548F} = {1DEE11E3-DB26-4B70-9F41-FF89E89BBF02}
		{04B1B5A3-16DB-4277-8D74-D43994ECB6E0} = {1DEE11E3-DB26-4B70-9F41-FF89E89BBF02}
		{CD6C8A92-F0DE-414B-8EEE-922F74FAADFF} = {1DEE11E3-DB26-4B70-9F41-FF89E89BBF02}
		{8CE5C69E-ED7E-4178-A813-6C763B7B11FE} = {1DEE11E3-DB26-4B70-9F41-FF89E89BBF02}
		{708FAD62-CA04-4D7F-A04B-593755D1A74C} = {1DEE11E3-DB26-4B70-9F41-FF89E89BBF02}
		{C0856509-8C95-4525-809E-093ABB7B103C} = {1DEE11E3-DB26-4B70-9F41-FF89E89BBF02}
		{946B4430-C59A-4070-B8E3-5617B4679835} = {1DEE11E3-DB26-4B70-9F41-FF89E89BBF02}
		{8B4E5F37-5BD8-472A-8468-E18A087232EE} = {1DEE11E3-DB26-4B70-9F41-FF89E89BBF02}
		{470C6CFC-6D95-4B27-825B-77043C140AEC} = {1DEE11E3-DB26-4B70-9F41-FF89E89BBF02}
		{D26B9512-238D-48EC-821F-D0FB45A158B6} = {B54BA4E9-C43C-40D1-A606-37EDA45595DE}
		{316B5E65-8FDF-48DB-89F0-69C5DBF13592} = {B54BA4E9-C43C-40D1-A606-37EDA45595DE}
	EndGlobalSection
	GlobalSection(ExtensibilityGlobals) = postSolution
		SolutionGuid = {5867F874-5E7A-4C9C-A86B-AF9DCE120230}
	EndGlobalSection
EndGlobal
